// !$*UTF8*$!
{
	archiveVersion = 1;
	classes = {
	};
	objectVersion = 46;
	objects = {

/* Begin PBXBuildFile section */
		BBAB23CB13894F3D00AA2426 /* GLUT.framework in CopyFiles */ = {isa = PBXBuildFile; fileRef = BBAB23BE13894E4700AA2426 /* GLUT.framework */; };
		E4328149138ABC9F0047C5CB /* openFrameworksDebug.a in Frameworks */ = {isa = PBXBuildFile; fileRef = E4328148138ABC890047C5CB /* openFrameworksDebug.a */; };
		E45BE97B0E8CC7DD009D7055 /* AGL.framework in Frameworks */ = {isa = PBXBuildFile; fileRef = E45BE9710E8CC7DD009D7055 /* AGL.framework */; };
		E45BE97C0E8CC7DD009D7055 /* ApplicationServices.framework in Frameworks */ = {isa = PBXBuildFile; fileRef = E45BE9720E8CC7DD009D7055 /* ApplicationServices.framework */; };
		E45BE97D0E8CC7DD009D7055 /* AudioToolbox.framework in Frameworks */ = {isa = PBXBuildFile; fileRef = E45BE9730E8CC7DD009D7055 /* AudioToolbox.framework */; };
		E45BE97E0E8CC7DD009D7055 /* Carbon.framework in Frameworks */ = {isa = PBXBuildFile; fileRef = E45BE9740E8CC7DD009D7055 /* Carbon.framework */; };
		E45BE97F0E8CC7DD009D7055 /* CoreAudio.framework in Frameworks */ = {isa = PBXBuildFile; fileRef = E45BE9750E8CC7DD009D7055 /* CoreAudio.framework */; };
		E45BE9800E8CC7DD009D7055 /* CoreFoundation.framework in Frameworks */ = {isa = PBXBuildFile; fileRef = E45BE9760E8CC7DD009D7055 /* CoreFoundation.framework */; };
		E45BE9810E8CC7DD009D7055 /* CoreServices.framework in Frameworks */ = {isa = PBXBuildFile; fileRef = E45BE9770E8CC7DD009D7055 /* CoreServices.framework */; };
		E45BE9830E8CC7DD009D7055 /* OpenGL.framework in Frameworks */ = {isa = PBXBuildFile; fileRef = E45BE9790E8CC7DD009D7055 /* OpenGL.framework */; };
		E45BE9840E8CC7DD009D7055 /* QuickTime.framework in Frameworks */ = {isa = PBXBuildFile; fileRef = E45BE97A0E8CC7DD009D7055 /* QuickTime.framework */; };
		E4B69E200A3A1BDC003C02F2 /* main.cpp in Sources */ = {isa = PBXBuildFile; fileRef = E4B69E1D0A3A1BDC003C02F2 /* main.cpp */; };
		E4B69E210A3A1BDC003C02F2 /* testApp.cpp in Sources */ = {isa = PBXBuildFile; fileRef = E4B69E1E0A3A1BDC003C02F2 /* testApp.cpp */; };
		E4C2424710CC5A17004149E2 /* AppKit.framework in Frameworks */ = {isa = PBXBuildFile; fileRef = E4C2424410CC5A17004149E2 /* AppKit.framework */; };
		E4C2424810CC5A17004149E2 /* Cocoa.framework in Frameworks */ = {isa = PBXBuildFile; fileRef = E4C2424510CC5A17004149E2 /* Cocoa.framework */; };
		E4C2424910CC5A17004149E2 /* IOKit.framework in Frameworks */ = {isa = PBXBuildFile; fileRef = E4C2424610CC5A17004149E2 /* IOKit.framework */; };
		E4EB6799138ADC1D00A09F29 /* GLUT.framework in Frameworks */ = {isa = PBXBuildFile; fileRef = BBAB23BE13894E4700AA2426 /* GLUT.framework */; };
		F59FB0A614F2BB0500ABA712 /* PaperMesh.cpp in Sources */ = {isa = PBXBuildFile; fileRef = F59FB0A514F2BB0500ABA712 /* PaperMesh.cpp */; };
		F5EF6BC814C6D5AB00813136 /* cameras.c in Sources */ = {isa = PBXBuildFile; fileRef = F5EF6B6F14C6D5AB00813136 /* cameras.c */; };
		F5EF6BC914C6D5AB00813136 /* core.c in Sources */ = {isa = PBXBuildFile; fileRef = F5EF6B7214C6D5AB00813136 /* core.c */; };
		F5EF6BCA14C6D5AB00813136 /* freenect.lib in Frameworks */ = {isa = PBXBuildFile; fileRef = F5EF6B7814C6D5AB00813136 /* freenect.lib */; };
		F5EF6BCB14C6D5AB00813136 /* registration.c in Sources */ = {isa = PBXBuildFile; fileRef = F5EF6B7C14C6D5AB00813136 /* registration.c */; };
		F5EF6BCC14C6D5AB00813136 /* tilt.c in Sources */ = {isa = PBXBuildFile; fileRef = F5EF6B7E14C6D5AB00813136 /* tilt.c */; };
		F5EF6BCD14C6D5AB00813136 /* usb_libusb10.c in Sources */ = {isa = PBXBuildFile; fileRef = F5EF6B7F14C6D5AB00813136 /* usb_libusb10.c */; };
		F5EF6BCE14C6D5AB00813136 /* usb-1.0.a in Frameworks */ = {isa = PBXBuildFile; fileRef = F5EF6B8714C6D5AB00813136 /* usb-1.0.a */; };
		F5EF6BCF14C6D5AB00813136 /* ofxKinect.cpp in Sources */ = {isa = PBXBuildFile; fileRef = F5EF6BBE14C6D5AB00813136 /* ofxKinect.cpp */; };
		F5EF6C3E14C6D5B200813136 /* opencv.a in Frameworks */ = {isa = PBXBuildFile; fileRef = F5EF6C2A14C6D5B200813136 /* opencv.a */; };
		F5EF6C3F14C6D5B200813136 /* ofxCvColorImage.cpp in Sources */ = {isa = PBXBuildFile; fileRef = F5EF6C2D14C6D5B200813136 /* ofxCvColorImage.cpp */; };
		F5EF6C4014C6D5B200813136 /* ofxCvContourFinder.cpp in Sources */ = {isa = PBXBuildFile; fileRef = F5EF6C3014C6D5B200813136 /* ofxCvContourFinder.cpp */; };
		F5EF6C4114C6D5B200813136 /* ofxCvFloatImage.cpp in Sources */ = {isa = PBXBuildFile; fileRef = F5EF6C3214C6D5B200813136 /* ofxCvFloatImage.cpp */; };
		F5EF6C4214C6D5B200813136 /* ofxCvGrayscaleImage.cpp in Sources */ = {isa = PBXBuildFile; fileRef = F5EF6C3414C6D5B200813136 /* ofxCvGrayscaleImage.cpp */; };
		F5EF6C4314C6D5B200813136 /* ofxCvHaarFinder.cpp in Sources */ = {isa = PBXBuildFile; fileRef = F5EF6C3614C6D5B200813136 /* ofxCvHaarFinder.cpp */; };
		F5EF6C4414C6D5B200813136 /* ofxCvImage.cpp in Sources */ = {isa = PBXBuildFile; fileRef = F5EF6C3814C6D5B200813136 /* ofxCvImage.cpp */; };
		F5EF6C4514C6D5B200813136 /* ofxCvShortImage.cpp in Sources */ = {isa = PBXBuildFile; fileRef = F5EF6C3B14C6D5B200813136 /* ofxCvShortImage.cpp */; };
		F5EF6D1414C6D81A00813136 /* ofxMSAInteractiveObject.cpp in Sources */ = {isa = PBXBuildFile; fileRef = F5EF6D1214C6D81A00813136 /* ofxMSAInteractiveObject.cpp */; };
		F5EF6D3914C6D83F00813136 /* ofxSimpleGuiButton.cpp in Sources */ = {isa = PBXBuildFile; fileRef = F5EF6D1714C6D83F00813136 /* ofxSimpleGuiButton.cpp */; };
		F5EF6D3A14C6D83F00813136 /* ofxSimpleGuiColorPicker.cpp in Sources */ = {isa = PBXBuildFile; fileRef = F5EF6D1914C6D83F00813136 /* ofxSimpleGuiColorPicker.cpp */; };
		F5EF6D3B14C6D83F00813136 /* ofxSimpleGuiComboBox.cpp in Sources */ = {isa = PBXBuildFile; fileRef = F5EF6D1B14C6D83F00813136 /* ofxSimpleGuiComboBox.cpp */; };
		F5EF6D3C14C6D83F00813136 /* ofxSimpleGuiContent.cpp in Sources */ = {isa = PBXBuildFile; fileRef = F5EF6D1D14C6D83F00813136 /* ofxSimpleGuiContent.cpp */; };
		F5EF6D3D14C6D83F00813136 /* ofxSimpleGuiFPSCounter.cpp in Sources */ = {isa = PBXBuildFile; fileRef = F5EF6D1F14C6D83F00813136 /* ofxSimpleGuiFPSCounter.cpp */; };
		F5EF6D3E14C6D83F00813136 /* ofxSimpleGuiMovieSlider.cpp in Sources */ = {isa = PBXBuildFile; fileRef = F5EF6D2114C6D83F00813136 /* ofxSimpleGuiMovieSlider.cpp */; };
		F5EF6D3F14C6D83F00813136 /* ofxSimpleGuiQuadWarp.cpp in Sources */ = {isa = PBXBuildFile; fileRef = F5EF6D2314C6D83F00813136 /* ofxSimpleGuiQuadWarp.cpp */; };
		F5EF6D4014C6D83F00813136 /* ofxSimpleGuiSlider2d.cpp in Sources */ = {isa = PBXBuildFile; fileRef = F5EF6D2514C6D83F00813136 /* ofxSimpleGuiSlider2d.cpp */; };
		F5EF6D4114C6D83F00813136 /* ofxSimpleGuiTitle.cpp in Sources */ = {isa = PBXBuildFile; fileRef = F5EF6D2A14C6D83F00813136 /* ofxSimpleGuiTitle.cpp */; };
		F5EF6D4214C6D83F00813136 /* ofxSimpleGuiToggle.cpp in Sources */ = {isa = PBXBuildFile; fileRef = F5EF6D2C14C6D83F00813136 /* ofxSimpleGuiToggle.cpp */; };
		F5EF6D4314C6D83F00813136 /* ofxSimpleGuiConfig.cpp in Sources */ = {isa = PBXBuildFile; fileRef = F5EF6D2E14C6D83F00813136 /* ofxSimpleGuiConfig.cpp */; };
		F5EF6D4414C6D83F00813136 /* ofxSimpleGuiControl.cpp in Sources */ = {isa = PBXBuildFile; fileRef = F5EF6D3014C6D83F00813136 /* ofxSimpleGuiControl.cpp */; };
		F5EF6D4514C6D83F00813136 /* ofxSimpleGuiPage.cpp in Sources */ = {isa = PBXBuildFile; fileRef = F5EF6D3314C6D83F00813136 /* ofxSimpleGuiPage.cpp */; };
		F5EF6D4614C6D83F00813136 /* ofxSimpleGuiToo.cpp in Sources */ = {isa = PBXBuildFile; fileRef = F5EF6D3514C6D83F00813136 /* ofxSimpleGuiToo.cpp */; };
		F5EF6D4714C6D83F00813136 /* ofxSimpleGuiValueControl.cpp in Sources */ = {isa = PBXBuildFile; fileRef = F5EF6D3714C6D83F00813136 /* ofxSimpleGuiValueControl.cpp */; };
		F5EF6DEB14C6E18100813136 /* tinyxml.cpp in Sources */ = {isa = PBXBuildFile; fileRef = F5EF6DE414C6E18100813136 /* tinyxml.cpp */; };
		F5EF6DEC14C6E18100813136 /* tinyxmlerror.cpp in Sources */ = {isa = PBXBuildFile; fileRef = F5EF6DE614C6E18100813136 /* tinyxmlerror.cpp */; };
		F5EF6DED14C6E18100813136 /* tinyxmlparser.cpp in Sources */ = {isa = PBXBuildFile; fileRef = F5EF6DE714C6E18100813136 /* tinyxmlparser.cpp */; };
		F5EF6DEE14C6E18100813136 /* ofxXmlSettings.cpp in Sources */ = {isa = PBXBuildFile; fileRef = F5EF6DE914C6E18100813136 /* ofxXmlSettings.cpp */; };
/* End PBXBuildFile section */

/* Begin PBXContainerItemProxy section */
		E4328147138ABC890047C5CB /* PBXContainerItemProxy */ = {
			isa = PBXContainerItemProxy;
			containerPortal = E4328143138ABC890047C5CB /* openFrameworksLib.xcodeproj */;
			proxyType = 2;
			remoteGlobalIDString = E4B27C1510CBEB8E00536013;
			remoteInfo = openFrameworks;
		};
		E4EEB9AB138B136A00A80321 /* PBXContainerItemProxy */ = {
			isa = PBXContainerItemProxy;
			containerPortal = E4328143138ABC890047C5CB /* openFrameworksLib.xcodeproj */;
			proxyType = 1;
			remoteGlobalIDString = E4B27C1410CBEB8E00536013;
			remoteInfo = openFrameworks;
		};
/* End PBXContainerItemProxy section */

/* Begin PBXCopyFilesBuildPhase section */
		E4C2427710CC5ABF004149E2 /* CopyFiles */ = {
			isa = PBXCopyFilesBuildPhase;
			buildActionMask = 2147483647;
			dstPath = "";
			dstSubfolderSpec = 10;
			files = (
				BBAB23CB13894F3D00AA2426 /* GLUT.framework in CopyFiles */,
			);
			runOnlyForDeploymentPostprocessing = 0;
		};
/* End PBXCopyFilesBuildPhase section */

/* Begin PBXFileReference section */
		BBAB23BE13894E4700AA2426 /* GLUT.framework */ = {isa = PBXFileReference; lastKnownFileType = wrapper.framework; name = GLUT.framework; path = ../../../libs/glut/lib/osx/GLUT.framework; sourceTree = "<group>"; };
		E4328143138ABC890047C5CB /* openFrameworksLib.xcodeproj */ = {isa = PBXFileReference; lastKnownFileType = "wrapper.pb-project"; name = openFrameworksLib.xcodeproj; path = ../../../libs/openFrameworksCompiled/project/osx/openFrameworksLib.xcodeproj; sourceTree = SOURCE_ROOT; };
		E45BE9710E8CC7DD009D7055 /* AGL.framework */ = {isa = PBXFileReference; lastKnownFileType = wrapper.framework; name = AGL.framework; path = /System/Library/Frameworks/AGL.framework; sourceTree = "<absolute>"; };
		E45BE9720E8CC7DD009D7055 /* ApplicationServices.framework */ = {isa = PBXFileReference; lastKnownFileType = wrapper.framework; name = ApplicationServices.framework; path = /System/Library/Frameworks/ApplicationServices.framework; sourceTree = "<absolute>"; };
		E45BE9730E8CC7DD009D7055 /* AudioToolbox.framework */ = {isa = PBXFileReference; lastKnownFileType = wrapper.framework; name = AudioToolbox.framework; path = /System/Library/Frameworks/AudioToolbox.framework; sourceTree = "<absolute>"; };
		E45BE9740E8CC7DD009D7055 /* Carbon.framework */ = {isa = PBXFileReference; lastKnownFileType = wrapper.framework; name = Carbon.framework; path = /System/Library/Frameworks/Carbon.framework; sourceTree = "<absolute>"; };
		E45BE9750E8CC7DD009D7055 /* CoreAudio.framework */ = {isa = PBXFileReference; lastKnownFileType = wrapper.framework; name = CoreAudio.framework; path = /System/Library/Frameworks/CoreAudio.framework; sourceTree = "<absolute>"; };
		E45BE9760E8CC7DD009D7055 /* CoreFoundation.framework */ = {isa = PBXFileReference; lastKnownFileType = wrapper.framework; name = CoreFoundation.framework; path = /System/Library/Frameworks/CoreFoundation.framework; sourceTree = "<absolute>"; };
		E45BE9770E8CC7DD009D7055 /* CoreServices.framework */ = {isa = PBXFileReference; lastKnownFileType = wrapper.framework; name = CoreServices.framework; path = /System/Library/Frameworks/CoreServices.framework; sourceTree = "<absolute>"; };
		E45BE9790E8CC7DD009D7055 /* OpenGL.framework */ = {isa = PBXFileReference; lastKnownFileType = wrapper.framework; name = OpenGL.framework; path = /System/Library/Frameworks/OpenGL.framework; sourceTree = "<absolute>"; };
		E45BE97A0E8CC7DD009D7055 /* QuickTime.framework */ = {isa = PBXFileReference; lastKnownFileType = wrapper.framework; name = QuickTime.framework; path = /System/Library/Frameworks/QuickTime.framework; sourceTree = "<absolute>"; };
		E4B69B5B0A3A1756003C02F2 /* cinekinectDebug.app */ = {isa = PBXFileReference; explicitFileType = wrapper.application; includeInIndex = 0; path = cinekinectDebug.app; sourceTree = BUILT_PRODUCTS_DIR; };
		E4B69E1D0A3A1BDC003C02F2 /* main.cpp */ = {isa = PBXFileReference; fileEncoding = 30; lastKnownFileType = sourcecode.cpp.cpp; name = main.cpp; path = src/main.cpp; sourceTree = SOURCE_ROOT; };
		E4B69E1E0A3A1BDC003C02F2 /* testApp.cpp */ = {isa = PBXFileReference; explicitFileType = sourcecode.cpp.cpp; fileEncoding = 30; name = testApp.cpp; path = src/testApp.cpp; sourceTree = SOURCE_ROOT; };
		E4B69E1F0A3A1BDC003C02F2 /* testApp.h */ = {isa = PBXFileReference; fileEncoding = 30; lastKnownFileType = sourcecode.c.h; name = testApp.h; path = src/testApp.h; sourceTree = SOURCE_ROOT; };
		E4B6FCAD0C3E899E008CF71C /* openFrameworks-Info.plist */ = {isa = PBXFileReference; fileEncoding = 30; lastKnownFileType = text.plist.xml; path = "openFrameworks-Info.plist"; sourceTree = "<group>"; };
		E4C2424410CC5A17004149E2 /* AppKit.framework */ = {isa = PBXFileReference; lastKnownFileType = wrapper.framework; name = AppKit.framework; path = /System/Library/Frameworks/AppKit.framework; sourceTree = "<absolute>"; };
		E4C2424510CC5A17004149E2 /* Cocoa.framework */ = {isa = PBXFileReference; lastKnownFileType = wrapper.framework; name = Cocoa.framework; path = /System/Library/Frameworks/Cocoa.framework; sourceTree = "<absolute>"; };
		E4C2424610CC5A17004149E2 /* IOKit.framework */ = {isa = PBXFileReference; lastKnownFileType = wrapper.framework; name = IOKit.framework; path = /System/Library/Frameworks/IOKit.framework; sourceTree = "<absolute>"; };
		E4EB691F138AFCF100A09F29 /* CoreOF.xcconfig */ = {isa = PBXFileReference; fileEncoding = 4; lastKnownFileType = text.xcconfig; name = CoreOF.xcconfig; path = ../../../libs/openFrameworksCompiled/project/osx/CoreOF.xcconfig; sourceTree = SOURCE_ROOT; };
		E4EB6923138AFD0F00A09F29 /* Project.xcconfig */ = {isa = PBXFileReference; fileEncoding = 4; lastKnownFileType = text.xcconfig; path = Project.xcconfig; sourceTree = "<group>"; };
		F57B304914F6B8B300132012 /* LightConfig.h */ = {isa = PBXFileReference; fileEncoding = 4; lastKnownFileType = sourcecode.c.h; path = LightConfig.h; sourceTree = "<group>"; };
		F59FB0A414F2BB0500ABA712 /* PaperMesh.h */ = {isa = PBXFileReference; fileEncoding = 4; lastKnownFileType = sourcecode.c.h; path = PaperMesh.h; sourceTree = "<group>"; };
		F59FB0A514F2BB0500ABA712 /* PaperMesh.cpp */ = {isa = PBXFileReference; fileEncoding = 4; lastKnownFileType = sourcecode.cpp.cpp; path = PaperMesh.cpp; sourceTree = "<group>"; };
		F5EF6B6E14C6D5AB00813136 /* APACHE20 */ = {isa = PBXFileReference; fileEncoding = 4; lastKnownFileType = text; path = APACHE20; sourceTree = "<group>"; };
		F5EF6B6F14C6D5AB00813136 /* cameras.c */ = {isa = PBXFileReference; fileEncoding = 4; lastKnownFileType = sourcecode.c.c; path = cameras.c; sourceTree = "<group>"; };
		F5EF6B7014C6D5AB00813136 /* cameras.h */ = {isa = PBXFileReference; fileEncoding = 4; lastKnownFileType = sourcecode.c.h; path = cameras.h; sourceTree = "<group>"; };
		F5EF6B7114C6D5AB00813136 /* CONTRIB */ = {isa = PBXFileReference; fileEncoding = 4; lastKnownFileType = text; path = CONTRIB; sourceTree = "<group>"; };
		F5EF6B7214C6D5AB00813136 /* core.c */ = {isa = PBXFileReference; fileEncoding = 4; lastKnownFileType = sourcecode.c.c; path = core.c; sourceTree = "<group>"; };
		F5EF6B7314C6D5AB00813136 /* freenect_internal.h */ = {isa = PBXFileReference; fileEncoding = 4; lastKnownFileType = sourcecode.c.h; path = freenect_internal.h; sourceTree = "<group>"; };
		F5EF6B7414C6D5AB00813136 /* GPL2 */ = {isa = PBXFileReference; fileEncoding = 4; lastKnownFileType = text; path = GPL2; sourceTree = "<group>"; };
		F5EF6B7714C6D5AB00813136 /* freenect.dll */ = {isa = PBXFileReference; lastKnownFileType = file; path = freenect.dll; sourceTree = "<group>"; };
		F5EF6B7814C6D5AB00813136 /* freenect.lib */ = {isa = PBXFileReference; lastKnownFileType = archive.ar; path = freenect.lib; sourceTree = "<group>"; };
		F5EF6B7914C6D5AB00813136 /* libfreenect-registration.h */ = {isa = PBXFileReference; fileEncoding = 4; lastKnownFileType = sourcecode.c.h; path = "libfreenect-registration.h"; sourceTree = "<group>"; };
		F5EF6B7A14C6D5AB00813136 /* libfreenect.h */ = {isa = PBXFileReference; fileEncoding = 4; lastKnownFileType = sourcecode.c.h; path = libfreenect.h; sourceTree = "<group>"; };
		F5EF6B7B14C6D5AB00813136 /* libfreenect.pc.in */ = {isa = PBXFileReference; fileEncoding = 4; lastKnownFileType = text; path = libfreenect.pc.in; sourceTree = "<group>"; };
		F5EF6B7C14C6D5AB00813136 /* registration.c */ = {isa = PBXFileReference; fileEncoding = 4; lastKnownFileType = sourcecode.c.c; path = registration.c; sourceTree = "<group>"; };
		F5EF6B7D14C6D5AB00813136 /* registration.h */ = {isa = PBXFileReference; fileEncoding = 4; lastKnownFileType = sourcecode.c.h; path = registration.h; sourceTree = "<group>"; };
		F5EF6B7E14C6D5AB00813136 /* tilt.c */ = {isa = PBXFileReference; fileEncoding = 4; lastKnownFileType = sourcecode.c.c; path = tilt.c; sourceTree = "<group>"; };
		F5EF6B7F14C6D5AB00813136 /* usb_libusb10.c */ = {isa = PBXFileReference; fileEncoding = 4; lastKnownFileType = sourcecode.c.c; path = usb_libusb10.c; sourceTree = "<group>"; };
		F5EF6B8014C6D5AB00813136 /* usb_libusb10.h */ = {isa = PBXFileReference; fileEncoding = 4; lastKnownFileType = sourcecode.c.h; path = usb_libusb10.h; sourceTree = "<group>"; };
		F5EF6B8514C6D5AB00813136 /* libusb.h */ = {isa = PBXFileReference; fileEncoding = 4; lastKnownFileType = sourcecode.c.h; path = libusb.h; sourceTree = "<group>"; };
		F5EF6B8714C6D5AB00813136 /* usb-1.0.a */ = {isa = PBXFileReference; lastKnownFileType = archive.ar; path = "usb-1.0.a"; sourceTree = "<group>"; };
		F5EF6B8C14C6D5AB00813136 /* libusb0.dll */ = {isa = PBXFileReference; lastKnownFileType = file; path = libusb0.dll; sourceTree = "<group>"; };
		F5EF6B8D14C6D5AB00813136 /* libusb0.sys */ = {isa = PBXFileReference; lastKnownFileType = file; path = libusb0.sys; sourceTree = "<group>"; };
		F5EF6B8F14C6D5AB00813136 /* libusb0.dll */ = {isa = PBXFileReference; lastKnownFileType = file; path = libusb0.dll; sourceTree = "<group>"; };
		F5EF6B9014C6D5AB00813136 /* libusb0.sys */ = {isa = PBXFileReference; lastKnownFileType = file; path = libusb0.sys; sourceTree = "<group>"; };
		F5EF6B9114C6D5AB00813136 /* libusb-win32-bin-README.txt */ = {isa = PBXFileReference; fileEncoding = 4; lastKnownFileType = text; path = "libusb-win32-bin-README.txt"; sourceTree = "<group>"; };
		F5EF6B9414C6D5AB00813136 /* installer_license.txt */ = {isa = PBXFileReference; fileEncoding = 4; lastKnownFileType = text; path = installer_license.txt; sourceTree = "<group>"; };
		F5EF6B9614C6D5AB00813136 /* libusb0.sys */ = {isa = PBXFileReference; lastKnownFileType = file; path = libusb0.sys; sourceTree = "<group>"; };
		F5EF6B9714C6D5AB00813136 /* libusb0_x86.dll */ = {isa = PBXFileReference; lastKnownFileType = file; path = libusb0_x86.dll; sourceTree = "<group>"; };
		F5EF6B9814C6D5AB00813136 /* Xbox_NUI_Audio.cat */ = {isa = PBXFileReference; lastKnownFileType = file; path = Xbox_NUI_Audio.cat; sourceTree = "<group>"; };
		F5EF6B9914C6D5AB00813136 /* Xbox_NUI_Audio.inf */ = {isa = PBXFileReference; fileEncoding = 4; lastKnownFileType = text; path = Xbox_NUI_Audio.inf; sourceTree = "<group>"; };
		F5EF6B9C14C6D5AB00813136 /* libusb0.dll */ = {isa = PBXFileReference; lastKnownFileType = file; path = libusb0.dll; sourceTree = "<group>"; };
		F5EF6B9D14C6D5AB00813136 /* libusb0.sys */ = {isa = PBXFileReference; lastKnownFileType = file; path = libusb0.sys; sourceTree = "<group>"; };
		F5EF6B9F14C6D5AB00813136 /* libusb0.dll */ = {isa = PBXFileReference; lastKnownFileType = file; path = libusb0.dll; sourceTree = "<group>"; };
		F5EF6BA014C6D5AB00813136 /* libusb0.sys */ = {isa = PBXFileReference; lastKnownFileType = file; path = libusb0.sys; sourceTree = "<group>"; };
		F5EF6BA114C6D5AB00813136 /* libusb-win32-bin-README.txt */ = {isa = PBXFileReference; fileEncoding = 4; lastKnownFileType = text; path = "libusb-win32-bin-README.txt"; sourceTree = "<group>"; };
		F5EF6BA414C6D5AB00813136 /* installer_license.txt */ = {isa = PBXFileReference; fileEncoding = 4; lastKnownFileType = text; path = installer_license.txt; sourceTree = "<group>"; };
		F5EF6BA614C6D5AB00813136 /* libusb0.sys */ = {isa = PBXFileReference; lastKnownFileType = file; path = libusb0.sys; sourceTree = "<group>"; };
		F5EF6BA714C6D5AB00813136 /* libusb0_x86.dll */ = {isa = PBXFileReference; lastKnownFileType = file; path = libusb0_x86.dll; sourceTree = "<group>"; };
		F5EF6BA814C6D5AB00813136 /* Xbox_NUI_Camera.cat */ = {isa = PBXFileReference; lastKnownFileType = file; path = Xbox_NUI_Camera.cat; sourceTree = "<group>"; };
		F5EF6BA914C6D5AB00813136 /* Xbox_NUI_Camera.inf */ = {isa = PBXFileReference; fileEncoding = 4; lastKnownFileType = text; path = Xbox_NUI_Camera.inf; sourceTree = "<group>"; };
		F5EF6BAC14C6D5AB00813136 /* libusb0.dll */ = {isa = PBXFileReference; lastKnownFileType = file; path = libusb0.dll; sourceTree = "<group>"; };
		F5EF6BAD14C6D5AB00813136 /* libusb0.sys */ = {isa = PBXFileReference; lastKnownFileType = file; path = libusb0.sys; sourceTree = "<group>"; };
		F5EF6BAF14C6D5AB00813136 /* libusb0.dll */ = {isa = PBXFileReference; lastKnownFileType = file; path = libusb0.dll; sourceTree = "<group>"; };
		F5EF6BB014C6D5AB00813136 /* libusb0.sys */ = {isa = PBXFileReference; lastKnownFileType = file; path = libusb0.sys; sourceTree = "<group>"; };
		F5EF6BB114C6D5AB00813136 /* libusb-win32-bin-README.txt */ = {isa = PBXFileReference; fileEncoding = 4; lastKnownFileType = text; path = "libusb-win32-bin-README.txt"; sourceTree = "<group>"; };
		F5EF6BB414C6D5AB00813136 /* installer_license.txt */ = {isa = PBXFileReference; fileEncoding = 4; lastKnownFileType = text; path = installer_license.txt; sourceTree = "<group>"; };
		F5EF6BB614C6D5AB00813136 /* libusb0.sys */ = {isa = PBXFileReference; lastKnownFileType = file; path = libusb0.sys; sourceTree = "<group>"; };
		F5EF6BB714C6D5AB00813136 /* libusb0_x86.dll */ = {isa = PBXFileReference; lastKnownFileType = file; path = libusb0_x86.dll; sourceTree = "<group>"; };
		F5EF6BB814C6D5AB00813136 /* Xbox_NUI_Motor.cat */ = {isa = PBXFileReference; lastKnownFileType = file; path = Xbox_NUI_Motor.cat; sourceTree = "<group>"; };
		F5EF6BB914C6D5AB00813136 /* Xbox_NUI_Motor.inf */ = {isa = PBXFileReference; fileEncoding = 4; lastKnownFileType = text; path = Xbox_NUI_Motor.inf; sourceTree = "<group>"; };
		F5EF6BBD14C6D5AB00813136 /* ofxBase3DVideo.h */ = {isa = PBXFileReference; fileEncoding = 4; lastKnownFileType = sourcecode.c.h; path = ofxBase3DVideo.h; sourceTree = "<group>"; };
		F5EF6BBE14C6D5AB00813136 /* ofxKinect.cpp */ = {isa = PBXFileReference; fileEncoding = 4; lastKnownFileType = sourcecode.cpp.cpp; path = ofxKinect.cpp; sourceTree = "<group>"; };
		F5EF6BBF14C6D5AB00813136 /* ofxKinect.h */ = {isa = PBXFileReference; fileEncoding = 4; lastKnownFileType = sourcecode.c.h; path = ofxKinect.h; sourceTree = "<group>"; };
		F5EF6BD414C6D5B200813136 /* install.xml */ = {isa = PBXFileReference; fileEncoding = 4; lastKnownFileType = text.xml; path = install.xml; sourceTree = "<group>"; };
		F5EF6BD914C6D5B200813136 /* cv.h */ = {isa = PBXFileReference; fileEncoding = 4; lastKnownFileType = sourcecode.c.h; path = cv.h; sourceTree = "<group>"; };
		F5EF6BDA14C6D5B200813136 /* cv.hpp */ = {isa = PBXFileReference; fileEncoding = 4; lastKnownFileType = sourcecode.cpp.h; path = cv.hpp; sourceTree = "<group>"; };
		F5EF6BDB14C6D5B200813136 /* cvaux.h */ = {isa = PBXFileReference; fileEncoding = 4; lastKnownFileType = sourcecode.c.h; path = cvaux.h; sourceTree = "<group>"; };
		F5EF6BDC14C6D5B200813136 /* cvaux.hpp */ = {isa = PBXFileReference; fileEncoding = 4; lastKnownFileType = sourcecode.cpp.h; path = cvaux.hpp; sourceTree = "<group>"; };
		F5EF6BDD14C6D5B200813136 /* cvwimage.h */ = {isa = PBXFileReference; fileEncoding = 4; lastKnownFileType = sourcecode.c.h; path = cvwimage.h; sourceTree = "<group>"; };
		F5EF6BDE14C6D5B200813136 /* cxcore.h */ = {isa = PBXFileReference; fileEncoding = 4; lastKnownFileType = sourcecode.c.h; path = cxcore.h; sourceTree = "<group>"; };
		F5EF6BDF14C6D5B200813136 /* cxcore.hpp */ = {isa = PBXFileReference; fileEncoding = 4; lastKnownFileType = sourcecode.cpp.h; path = cxcore.hpp; sourceTree = "<group>"; };
		F5EF6BE014C6D5B200813136 /* cxeigen.hpp */ = {isa = PBXFileReference; fileEncoding = 4; lastKnownFileType = sourcecode.cpp.h; path = cxeigen.hpp; sourceTree = "<group>"; };
		F5EF6BE114C6D5B200813136 /* cxmisc.h */ = {isa = PBXFileReference; fileEncoding = 4; lastKnownFileType = sourcecode.c.h; path = cxmisc.h; sourceTree = "<group>"; };
		F5EF6BE214C6D5B200813136 /* highgui.h */ = {isa = PBXFileReference; fileEncoding = 4; lastKnownFileType = sourcecode.c.h; path = highgui.h; sourceTree = "<group>"; };
		F5EF6BE314C6D5B200813136 /* ml.h */ = {isa = PBXFileReference; fileEncoding = 4; lastKnownFileType = sourcecode.c.h; path = ml.h; sourceTree = "<group>"; };
		F5EF6BE614C6D5B200813136 /* calib3d.hpp */ = {isa = PBXFileReference; fileEncoding = 4; lastKnownFileType = sourcecode.cpp.h; path = calib3d.hpp; sourceTree = "<group>"; };
		F5EF6BE814C6D5B200813136 /* contrib.hpp */ = {isa = PBXFileReference; fileEncoding = 4; lastKnownFileType = sourcecode.cpp.h; path = contrib.hpp; sourceTree = "<group>"; };
		F5EF6BEA14C6D5B200813136 /* core.hpp */ = {isa = PBXFileReference; fileEncoding = 4; lastKnownFileType = sourcecode.cpp.h; path = core.hpp; sourceTree = "<group>"; };
		F5EF6BEB14C6D5B200813136 /* core_c.h */ = {isa = PBXFileReference; fileEncoding = 4; lastKnownFileType = sourcecode.c.h; path = core_c.h; sourceTree = "<group>"; };
		F5EF6BEC14C6D5B200813136 /* eigen.hpp */ = {isa = PBXFileReference; fileEncoding = 4; lastKnownFileType = sourcecode.cpp.h; path = eigen.hpp; sourceTree = "<group>"; };
		F5EF6BED14C6D5B200813136 /* internal.hpp */ = {isa = PBXFileReference; fileEncoding = 4; lastKnownFileType = sourcecode.cpp.h; path = internal.hpp; sourceTree = "<group>"; };
		F5EF6BEE14C6D5B200813136 /* mat.hpp */ = {isa = PBXFileReference; fileEncoding = 4; lastKnownFileType = sourcecode.cpp.h; path = mat.hpp; sourceTree = "<group>"; };
		F5EF6BEF14C6D5B200813136 /* operations.hpp */ = {isa = PBXFileReference; fileEncoding = 4; lastKnownFileType = sourcecode.cpp.h; path = operations.hpp; sourceTree = "<group>"; };
		F5EF6BF014C6D5B200813136 /* types_c.h */ = {isa = PBXFileReference; fileEncoding = 4; lastKnownFileType = sourcecode.c.h; path = types_c.h; sourceTree = "<group>"; };
		F5EF6BF114C6D5B200813136 /* version.hpp */ = {isa = PBXFileReference; fileEncoding = 4; lastKnownFileType = sourcecode.cpp.h; path = version.hpp; sourceTree = "<group>"; };
		F5EF6BF214C6D5B200813136 /* wimage.hpp */ = {isa = PBXFileReference; fileEncoding = 4; lastKnownFileType = sourcecode.cpp.h; path = wimage.hpp; sourceTree = "<group>"; };
		F5EF6BF414C6D5B200813136 /* features2d.hpp */ = {isa = PBXFileReference; fileEncoding = 4; lastKnownFileType = sourcecode.cpp.h; path = features2d.hpp; sourceTree = "<group>"; };
		F5EF6BF614C6D5B200813136 /* all_indices.h */ = {isa = PBXFileReference; fileEncoding = 4; lastKnownFileType = sourcecode.c.h; path = all_indices.h; sourceTree = "<group>"; };
		F5EF6BF714C6D5B200813136 /* allocator.h */ = {isa = PBXFileReference; fileEncoding = 4; lastKnownFileType = sourcecode.c.h; path = allocator.h; sourceTree = "<group>"; };
		F5EF6BF814C6D5B200813136 /* autotuned_index.h */ = {isa = PBXFileReference; fileEncoding = 4; lastKnownFileType = sourcecode.c.h; path = autotuned_index.h; sourceTree = "<group>"; };
		F5EF6BF914C6D5B200813136 /* composite_index.h */ = {isa = PBXFileReference; fileEncoding = 4; lastKnownFileType = sourcecode.c.h; path = composite_index.h; sourceTree = "<group>"; };
		F5EF6BFA14C6D5B200813136 /* dist.h */ = {isa = PBXFileReference; fileEncoding = 4; lastKnownFileType = sourcecode.c.h; path = dist.h; sourceTree = "<group>"; };
		F5EF6BFB14C6D5B200813136 /* flann.hpp */ = {isa = PBXFileReference; fileEncoding = 4; lastKnownFileType = sourcecode.cpp.h; path = flann.hpp; sourceTree = "<group>"; };
		F5EF6BFC14C6D5B200813136 /* flann_base.hpp */ = {isa = PBXFileReference; fileEncoding = 4; lastKnownFileType = sourcecode.cpp.h; path = flann_base.hpp; sourceTree = "<group>"; };
		F5EF6BFD14C6D5B200813136 /* general.h */ = {isa = PBXFileReference; fileEncoding = 4; lastKnownFileType = sourcecode.c.h; path = general.h; sourceTree = "<group>"; };
		F5EF6BFE14C6D5B200813136 /* ground_truth.h */ = {isa = PBXFileReference; fileEncoding = 4; lastKnownFileType = sourcecode.c.h; path = ground_truth.h; sourceTree = "<group>"; };
		F5EF6BFF14C6D5B200813136 /* hdf5.h */ = {isa = PBXFileReference; fileEncoding = 4; lastKnownFileType = sourcecode.c.h; path = hdf5.h; sourceTree = "<group>"; };
		F5EF6C0014C6D5B200813136 /* heap.h */ = {isa = PBXFileReference; fileEncoding = 4; lastKnownFileType = sourcecode.c.h; path = heap.h; sourceTree = "<group>"; };
		F5EF6C0114C6D5B200813136 /* index_testing.h */ = {isa = PBXFileReference; fileEncoding = 4; lastKnownFileType = sourcecode.c.h; path = index_testing.h; sourceTree = "<group>"; };
		F5EF6C0214C6D5B200813136 /* kdtree_index.h */ = {isa = PBXFileReference; fileEncoding = 4; lastKnownFileType = sourcecode.c.h; path = kdtree_index.h; sourceTree = "<group>"; };
		F5EF6C0314C6D5B200813136 /* kmeans_index.h */ = {isa = PBXFileReference; fileEncoding = 4; lastKnownFileType = sourcecode.c.h; path = kmeans_index.h; sourceTree = "<group>"; };
		F5EF6C0414C6D5B200813136 /* linear_index.h */ = {isa = PBXFileReference; fileEncoding = 4; lastKnownFileType = sourcecode.c.h; path = linear_index.h; sourceTree = "<group>"; };
		F5EF6C0514C6D5B200813136 /* logger.h */ = {isa = PBXFileReference; fileEncoding = 4; lastKnownFileType = sourcecode.c.h; path = logger.h; sourceTree = "<group>"; };
		F5EF6C0614C6D5B200813136 /* matrix.h */ = {isa = PBXFileReference; fileEncoding = 4; lastKnownFileType = sourcecode.c.h; path = matrix.h; sourceTree = "<group>"; };
		F5EF6C0714C6D5B200813136 /* nn_index.h */ = {isa = PBXFileReference; fileEncoding = 4; lastKnownFileType = sourcecode.c.h; path = nn_index.h; sourceTree = "<group>"; };
		F5EF6C0814C6D5B200813136 /* object_factory.h */ = {isa = PBXFileReference; fileEncoding = 4; lastKnownFileType = sourcecode.c.h; path = object_factory.h; sourceTree = "<group>"; };
		F5EF6C0914C6D5B200813136 /* random.h */ = {isa = PBXFileReference; fileEncoding = 4; lastKnownFileType = sourcecode.c.h; path = random.h; sourceTree = "<group>"; };
		F5EF6C0A14C6D5B200813136 /* result_set.h */ = {isa = PBXFileReference; fileEncoding = 4; lastKnownFileType = sourcecode.c.h; path = result_set.h; sourceTree = "<group>"; };
		F5EF6C0B14C6D5B200813136 /* sampling.h */ = {isa = PBXFileReference; fileEncoding = 4; lastKnownFileType = sourcecode.c.h; path = sampling.h; sourceTree = "<group>"; };
		F5EF6C0C14C6D5B200813136 /* saving.h */ = {isa = PBXFileReference; fileEncoding = 4; lastKnownFileType = sourcecode.c.h; path = saving.h; sourceTree = "<group>"; };
		F5EF6C0D14C6D5B200813136 /* simplex_downhill.h */ = {isa = PBXFileReference; fileEncoding = 4; lastKnownFileType = sourcecode.c.h; path = simplex_downhill.h; sourceTree = "<group>"; };
		F5EF6C0E14C6D5B200813136 /* timer.h */ = {isa = PBXFileReference; fileEncoding = 4; lastKnownFileType = sourcecode.c.h; path = timer.h; sourceTree = "<group>"; };
		F5EF6C1014C6D5B200813136 /* devmem2d.hpp */ = {isa = PBXFileReference; fileEncoding = 4; lastKnownFileType = sourcecode.cpp.h; path = devmem2d.hpp; sourceTree = "<group>"; };
		F5EF6C1114C6D5B200813136 /* gpu.hpp */ = {isa = PBXFileReference; fileEncoding = 4; lastKnownFileType = sourcecode.cpp.h; path = gpu.hpp; sourceTree = "<group>"; };
		F5EF6C1214C6D5B200813136 /* matrix_operations.hpp */ = {isa = PBXFileReference; fileEncoding = 4; lastKnownFileType = sourcecode.cpp.h; path = matrix_operations.hpp; sourceTree = "<group>"; };
		F5EF6C1314C6D5B200813136 /* stream_accessor.hpp */ = {isa = PBXFileReference; fileEncoding = 4; lastKnownFileType = sourcecode.cpp.h; path = stream_accessor.hpp; sourceTree = "<group>"; };
		F5EF6C1514C6D5B200813136 /* highgui.hpp */ = {isa = PBXFileReference; fileEncoding = 4; lastKnownFileType = sourcecode.cpp.h; path = highgui.hpp; sourceTree = "<group>"; };
		F5EF6C1614C6D5B200813136 /* highgui_c.h */ = {isa = PBXFileReference; fileEncoding = 4; lastKnownFileType = sourcecode.c.h; path = highgui_c.h; sourceTree = "<group>"; };
		F5EF6C1814C6D5B200813136 /* imgproc.hpp */ = {isa = PBXFileReference; fileEncoding = 4; lastKnownFileType = sourcecode.cpp.h; path = imgproc.hpp; sourceTree = "<group>"; };
		F5EF6C1914C6D5B200813136 /* imgproc_c.h */ = {isa = PBXFileReference; fileEncoding = 4; lastKnownFileType = sourcecode.c.h; path = imgproc_c.h; sourceTree = "<group>"; };
		F5EF6C1A14C6D5B200813136 /* types_c.h */ = {isa = PBXFileReference; fileEncoding = 4; lastKnownFileType = sourcecode.c.h; path = types_c.h; sourceTree = "<group>"; };
		F5EF6C1C14C6D5B200813136 /* blobtrack.hpp */ = {isa = PBXFileReference; fileEncoding = 4; lastKnownFileType = sourcecode.cpp.h; path = blobtrack.hpp; sourceTree = "<group>"; };
		F5EF6C1D14C6D5B200813136 /* compat.hpp */ = {isa = PBXFileReference; fileEncoding = 4; lastKnownFileType = sourcecode.cpp.h; path = compat.hpp; sourceTree = "<group>"; };
		F5EF6C1E14C6D5B200813136 /* legacy.hpp */ = {isa = PBXFileReference; fileEncoding = 4; lastKnownFileType = sourcecode.cpp.h; path = legacy.hpp; sourceTree = "<group>"; };
		F5EF6C1F14C6D5B200813136 /* streams.hpp */ = {isa = PBXFileReference; fileEncoding = 4; lastKnownFileType = sourcecode.cpp.h; path = streams.hpp; sourceTree = "<group>"; };
		F5EF6C2114C6D5B200813136 /* ml.hpp */ = {isa = PBXFileReference; fileEncoding = 4; lastKnownFileType = sourcecode.cpp.h; path = ml.hpp; sourceTree = "<group>"; };
		F5EF6C2314C6D5B200813136 /* objdetect.hpp */ = {isa = PBXFileReference; fileEncoding = 4; lastKnownFileType = sourcecode.cpp.h; path = objdetect.hpp; sourceTree = "<group>"; };
		F5EF6C2414C6D5B200813136 /* opencv.hpp */ = {isa = PBXFileReference; fileEncoding = 4; lastKnownFileType = sourcecode.cpp.h; path = opencv.hpp; sourceTree = "<group>"; };
		F5EF6C2614C6D5B200813136 /* background_segm.hpp */ = {isa = PBXFileReference; fileEncoding = 4; lastKnownFileType = sourcecode.cpp.h; path = background_segm.hpp; sourceTree = "<group>"; };
		F5EF6C2714C6D5B200813136 /* tracking.hpp */ = {isa = PBXFileReference; fileEncoding = 4; lastKnownFileType = sourcecode.cpp.h; path = tracking.hpp; sourceTree = "<group>"; };
		F5EF6C2A14C6D5B200813136 /* opencv.a */ = {isa = PBXFileReference; lastKnownFileType = archive.ar; path = opencv.a; sourceTree = "<group>"; };
		F5EF6C2C14C6D5B200813136 /* ofxCvBlob.h */ = {isa = PBXFileReference; fileEncoding = 4; lastKnownFileType = sourcecode.c.h; path = ofxCvBlob.h; sourceTree = "<group>"; };
		F5EF6C2D14C6D5B200813136 /* ofxCvColorImage.cpp */ = {isa = PBXFileReference; fileEncoding = 4; lastKnownFileType = sourcecode.cpp.cpp; path = ofxCvColorImage.cpp; sourceTree = "<group>"; };
		F5EF6C2E14C6D5B200813136 /* ofxCvColorImage.h */ = {isa = PBXFileReference; fileEncoding = 4; lastKnownFileType = sourcecode.c.h; path = ofxCvColorImage.h; sourceTree = "<group>"; };
		F5EF6C2F14C6D5B200813136 /* ofxCvConstants.h */ = {isa = PBXFileReference; fileEncoding = 4; lastKnownFileType = sourcecode.c.h; path = ofxCvConstants.h; sourceTree = "<group>"; };
		F5EF6C3014C6D5B200813136 /* ofxCvContourFinder.cpp */ = {isa = PBXFileReference; fileEncoding = 4; lastKnownFileType = sourcecode.cpp.cpp; path = ofxCvContourFinder.cpp; sourceTree = "<group>"; };
		F5EF6C3114C6D5B200813136 /* ofxCvContourFinder.h */ = {isa = PBXFileReference; fileEncoding = 4; lastKnownFileType = sourcecode.c.h; path = ofxCvContourFinder.h; sourceTree = "<group>"; };
		F5EF6C3214C6D5B200813136 /* ofxCvFloatImage.cpp */ = {isa = PBXFileReference; fileEncoding = 4; lastKnownFileType = sourcecode.cpp.cpp; path = ofxCvFloatImage.cpp; sourceTree = "<group>"; };
		F5EF6C3314C6D5B200813136 /* ofxCvFloatImage.h */ = {isa = PBXFileReference; fileEncoding = 4; lastKnownFileType = sourcecode.c.h; path = ofxCvFloatImage.h; sourceTree = "<group>"; };
		F5EF6C3414C6D5B200813136 /* ofxCvGrayscaleImage.cpp */ = {isa = PBXFileReference; fileEncoding = 4; lastKnownFileType = sourcecode.cpp.cpp; path = ofxCvGrayscaleImage.cpp; sourceTree = "<group>"; };
		F5EF6C3514C6D5B200813136 /* ofxCvGrayscaleImage.h */ = {isa = PBXFileReference; fileEncoding = 4; lastKnownFileType = sourcecode.c.h; path = ofxCvGrayscaleImage.h; sourceTree = "<group>"; };
		F5EF6C3614C6D5B200813136 /* ofxCvHaarFinder.cpp */ = {isa = PBXFileReference; fileEncoding = 4; lastKnownFileType = sourcecode.cpp.cpp; path = ofxCvHaarFinder.cpp; sourceTree = "<group>"; };
		F5EF6C3714C6D5B200813136 /* ofxCvHaarFinder.h */ = {isa = PBXFileReference; fileEncoding = 4; lastKnownFileType = sourcecode.c.h; path = ofxCvHaarFinder.h; sourceTree = "<group>"; };
		F5EF6C3814C6D5B200813136 /* ofxCvImage.cpp */ = {isa = PBXFileReference; fileEncoding = 4; lastKnownFileType = sourcecode.cpp.cpp; path = ofxCvImage.cpp; sourceTree = "<group>"; };
		F5EF6C3914C6D5B200813136 /* ofxCvImage.h */ = {isa = PBXFileReference; fileEncoding = 4; lastKnownFileType = sourcecode.c.h; path = ofxCvImage.h; sourceTree = "<group>"; };
		F5EF6C3A14C6D5B200813136 /* ofxCvMain.h */ = {isa = PBXFileReference; fileEncoding = 4; lastKnownFileType = sourcecode.c.h; path = ofxCvMain.h; sourceTree = "<group>"; };
		F5EF6C3B14C6D5B200813136 /* ofxCvShortImage.cpp */ = {isa = PBXFileReference; fileEncoding = 4; lastKnownFileType = sourcecode.cpp.cpp; path = ofxCvShortImage.cpp; sourceTree = "<group>"; };
		F5EF6C3C14C6D5B200813136 /* ofxCvShortImage.h */ = {isa = PBXFileReference; fileEncoding = 4; lastKnownFileType = sourcecode.c.h; path = ofxCvShortImage.h; sourceTree = "<group>"; };
		F5EF6C3D14C6D5B200813136 /* ofxOpenCv.h */ = {isa = PBXFileReference; fileEncoding = 4; lastKnownFileType = sourcecode.c.h; path = ofxOpenCv.h; sourceTree = "<group>"; };
		F5EF6D1214C6D81A00813136 /* ofxMSAInteractiveObject.cpp */ = {isa = PBXFileReference; fileEncoding = 4; lastKnownFileType = sourcecode.cpp.cpp; path = ofxMSAInteractiveObject.cpp; sourceTree = "<group>"; };
		F5EF6D1314C6D81A00813136 /* ofxMSAInteractiveObject.h */ = {isa = PBXFileReference; fileEncoding = 4; lastKnownFileType = sourcecode.c.h; path = ofxMSAInteractiveObject.h; sourceTree = "<group>"; };
		F5EF6D1714C6D83F00813136 /* ofxSimpleGuiButton.cpp */ = {isa = PBXFileReference; fileEncoding = 4; lastKnownFileType = sourcecode.cpp.cpp; path = ofxSimpleGuiButton.cpp; sourceTree = "<group>"; };
		F5EF6D1814C6D83F00813136 /* ofxSimpleGuiButton.h */ = {isa = PBXFileReference; fileEncoding = 4; lastKnownFileType = sourcecode.c.h; path = ofxSimpleGuiButton.h; sourceTree = "<group>"; };
		F5EF6D1914C6D83F00813136 /* ofxSimpleGuiColorPicker.cpp */ = {isa = PBXFileReference; fileEncoding = 4; lastKnownFileType = sourcecode.cpp.cpp; path = ofxSimpleGuiColorPicker.cpp; sourceTree = "<group>"; };
		F5EF6D1A14C6D83F00813136 /* ofxSimpleGuiColorPicker.h */ = {isa = PBXFileReference; fileEncoding = 4; lastKnownFileType = sourcecode.c.h; path = ofxSimpleGuiColorPicker.h; sourceTree = "<group>"; };
		F5EF6D1B14C6D83F00813136 /* ofxSimpleGuiComboBox.cpp */ = {isa = PBXFileReference; fileEncoding = 4; lastKnownFileType = sourcecode.cpp.cpp; path = ofxSimpleGuiComboBox.cpp; sourceTree = "<group>"; };
		F5EF6D1C14C6D83F00813136 /* ofxSimpleGuiComboBox.h */ = {isa = PBXFileReference; fileEncoding = 4; lastKnownFileType = sourcecode.c.h; path = ofxSimpleGuiComboBox.h; sourceTree = "<group>"; };
		F5EF6D1D14C6D83F00813136 /* ofxSimpleGuiContent.cpp */ = {isa = PBXFileReference; fileEncoding = 4; lastKnownFileType = sourcecode.cpp.cpp; path = ofxSimpleGuiContent.cpp; sourceTree = "<group>"; };
		F5EF6D1E14C6D83F00813136 /* ofxSimpleGuiContent.h */ = {isa = PBXFileReference; fileEncoding = 4; lastKnownFileType = sourcecode.c.h; path = ofxSimpleGuiContent.h; sourceTree = "<group>"; };
		F5EF6D1F14C6D83F00813136 /* ofxSimpleGuiFPSCounter.cpp */ = {isa = PBXFileReference; fileEncoding = 4; lastKnownFileType = sourcecode.cpp.cpp; path = ofxSimpleGuiFPSCounter.cpp; sourceTree = "<group>"; };
		F5EF6D2014C6D83F00813136 /* ofxSimpleGuiFPSCounter.h */ = {isa = PBXFileReference; fileEncoding = 4; lastKnownFileType = sourcecode.c.h; path = ofxSimpleGuiFPSCounter.h; sourceTree = "<group>"; };
		F5EF6D2114C6D83F00813136 /* ofxSimpleGuiMovieSlider.cpp */ = {isa = PBXFileReference; fileEncoding = 4; lastKnownFileType = sourcecode.cpp.cpp; path = ofxSimpleGuiMovieSlider.cpp; sourceTree = "<group>"; };
		F5EF6D2214C6D83F00813136 /* ofxSimpleGuiMovieSlider.h */ = {isa = PBXFileReference; fileEncoding = 4; lastKnownFileType = sourcecode.c.h; path = ofxSimpleGuiMovieSlider.h; sourceTree = "<group>"; };
		F5EF6D2314C6D83F00813136 /* ofxSimpleGuiQuadWarp.cpp */ = {isa = PBXFileReference; fileEncoding = 4; lastKnownFileType = sourcecode.cpp.cpp; path = ofxSimpleGuiQuadWarp.cpp; sourceTree = "<group>"; };
		F5EF6D2414C6D83F00813136 /* ofxSimpleGuiQuadWarp.h */ = {isa = PBXFileReference; fileEncoding = 4; lastKnownFileType = sourcecode.c.h; path = ofxSimpleGuiQuadWarp.h; sourceTree = "<group>"; };
		F5EF6D2514C6D83F00813136 /* ofxSimpleGuiSlider2d.cpp */ = {isa = PBXFileReference; fileEncoding = 4; lastKnownFileType = sourcecode.cpp.cpp; path = ofxSimpleGuiSlider2d.cpp; sourceTree = "<group>"; };
		F5EF6D2614C6D83F00813136 /* ofxSimpleGuiSlider2d.h */ = {isa = PBXFileReference; fileEncoding = 4; lastKnownFileType = sourcecode.c.h; path = ofxSimpleGuiSlider2d.h; sourceTree = "<group>"; };
		F5EF6D2714C6D83F00813136 /* ofxSimpleGuiSliderBase.h */ = {isa = PBXFileReference; fileEncoding = 4; lastKnownFileType = sourcecode.c.h; path = ofxSimpleGuiSliderBase.h; sourceTree = "<group>"; };
		F5EF6D2814C6D83F00813136 /* ofxSimpleGuiSliderFloat.h */ = {isa = PBXFileReference; fileEncoding = 4; lastKnownFileType = sourcecode.c.h; path = ofxSimpleGuiSliderFloat.h; sourceTree = "<group>"; };
		F5EF6D2914C6D83F00813136 /* ofxSimpleGuiSliderInt.h */ = {isa = PBXFileReference; fileEncoding = 4; lastKnownFileType = sourcecode.c.h; path = ofxSimpleGuiSliderInt.h; sourceTree = "<group>"; };
		F5EF6D2A14C6D83F00813136 /* ofxSimpleGuiTitle.cpp */ = {isa = PBXFileReference; fileEncoding = 4; lastKnownFileType = sourcecode.cpp.cpp; path = ofxSimpleGuiTitle.cpp; sourceTree = "<group>"; };
		F5EF6D2B14C6D83F00813136 /* ofxSimpleGuiTitle.h */ = {isa = PBXFileReference; fileEncoding = 4; lastKnownFileType = sourcecode.c.h; path = ofxSimpleGuiTitle.h; sourceTree = "<group>"; };
		F5EF6D2C14C6D83F00813136 /* ofxSimpleGuiToggle.cpp */ = {isa = PBXFileReference; fileEncoding = 4; lastKnownFileType = sourcecode.cpp.cpp; path = ofxSimpleGuiToggle.cpp; sourceTree = "<group>"; };
		F5EF6D2D14C6D83F00813136 /* ofxSimpleGuiToggle.h */ = {isa = PBXFileReference; fileEncoding = 4; lastKnownFileType = sourcecode.c.h; path = ofxSimpleGuiToggle.h; sourceTree = "<group>"; };
		F5EF6D2E14C6D83F00813136 /* ofxSimpleGuiConfig.cpp */ = {isa = PBXFileReference; fileEncoding = 4; lastKnownFileType = sourcecode.cpp.cpp; path = ofxSimpleGuiConfig.cpp; sourceTree = "<group>"; };
		F5EF6D2F14C6D83F00813136 /* ofxSimpleGuiConfig.h */ = {isa = PBXFileReference; fileEncoding = 4; lastKnownFileType = sourcecode.c.h; path = ofxSimpleGuiConfig.h; sourceTree = "<group>"; };
		F5EF6D3014C6D83F00813136 /* ofxSimpleGuiControl.cpp */ = {isa = PBXFileReference; fileEncoding = 4; lastKnownFileType = sourcecode.cpp.cpp; path = ofxSimpleGuiControl.cpp; sourceTree = "<group>"; };
		F5EF6D3114C6D83F00813136 /* ofxSimpleGuiControl.h */ = {isa = PBXFileReference; fileEncoding = 4; lastKnownFileType = sourcecode.c.h; path = ofxSimpleGuiControl.h; sourceTree = "<group>"; };
		F5EF6D3214C6D83F00813136 /* ofxSimpleGuiIncludes.h */ = {isa = PBXFileReference; fileEncoding = 4; lastKnownFileType = sourcecode.c.h; path = ofxSimpleGuiIncludes.h; sourceTree = "<group>"; };
		F5EF6D3314C6D83F00813136 /* ofxSimpleGuiPage.cpp */ = {isa = PBXFileReference; fileEncoding = 4; lastKnownFileType = sourcecode.cpp.cpp; path = ofxSimpleGuiPage.cpp; sourceTree = "<group>"; };
		F5EF6D3414C6D83F00813136 /* ofxSimpleGuiPage.h */ = {isa = PBXFileReference; fileEncoding = 4; lastKnownFileType = sourcecode.c.h; path = ofxSimpleGuiPage.h; sourceTree = "<group>"; };
		F5EF6D3514C6D83F00813136 /* ofxSimpleGuiToo.cpp */ = {isa = PBXFileReference; fileEncoding = 4; lastKnownFileType = sourcecode.cpp.cpp; path = ofxSimpleGuiToo.cpp; sourceTree = "<group>"; };
		F5EF6D3614C6D83F00813136 /* ofxSimpleGuiToo.h */ = {isa = PBXFileReference; fileEncoding = 4; lastKnownFileType = sourcecode.c.h; path = ofxSimpleGuiToo.h; sourceTree = "<group>"; };
		F5EF6D3714C6D83F00813136 /* ofxSimpleGuiValueControl.cpp */ = {isa = PBXFileReference; fileEncoding = 4; lastKnownFileType = sourcecode.cpp.cpp; path = ofxSimpleGuiValueControl.cpp; sourceTree = "<group>"; };
		F5EF6D3814C6D83F00813136 /* ofxSimpleGuiValueControl.h */ = {isa = PBXFileReference; fileEncoding = 4; lastKnownFileType = sourcecode.c.h; path = ofxSimpleGuiValueControl.h; sourceTree = "<group>"; };
		F5EF6DE214C6E18100813136 /* install.xml */ = {isa = PBXFileReference; fileEncoding = 4; lastKnownFileType = text.xml; path = install.xml; sourceTree = "<group>"; };
		F5EF6DE414C6E18100813136 /* tinyxml.cpp */ = {isa = PBXFileReference; fileEncoding = 4; lastKnownFileType = sourcecode.cpp.cpp; path = tinyxml.cpp; sourceTree = "<group>"; };
		F5EF6DE514C6E18100813136 /* tinyxml.h */ = {isa = PBXFileReference; fileEncoding = 4; lastKnownFileType = sourcecode.c.h; path = tinyxml.h; sourceTree = "<group>"; };
		F5EF6DE614C6E18100813136 /* tinyxmlerror.cpp */ = {isa = PBXFileReference; fileEncoding = 4; lastKnownFileType = sourcecode.cpp.cpp; path = tinyxmlerror.cpp; sourceTree = "<group>"; };
		F5EF6DE714C6E18100813136 /* tinyxmlparser.cpp */ = {isa = PBXFileReference; fileEncoding = 4; lastKnownFileType = sourcecode.cpp.cpp; path = tinyxmlparser.cpp; sourceTree = "<group>"; };
		F5EF6DE914C6E18100813136 /* ofxXmlSettings.cpp */ = {isa = PBXFileReference; fileEncoding = 4; lastKnownFileType = sourcecode.cpp.cpp; path = ofxXmlSettings.cpp; sourceTree = "<group>"; };
		F5EF6DEA14C6E18100813136 /* ofxXmlSettings.h */ = {isa = PBXFileReference; fileEncoding = 4; lastKnownFileType = sourcecode.c.h; path = ofxXmlSettings.h; sourceTree = "<group>"; };
/* End PBXFileReference section */

/* Begin PBXFrameworksBuildPhase section */
		E4B69B590A3A1756003C02F2 /* Frameworks */ = {
			isa = PBXFrameworksBuildPhase;
			buildActionMask = 2147483647;
			files = (
				E4EB6799138ADC1D00A09F29 /* GLUT.framework in Frameworks */,
				E4328149138ABC9F0047C5CB /* openFrameworksDebug.a in Frameworks */,
				E45BE97B0E8CC7DD009D7055 /* AGL.framework in Frameworks */,
				E45BE97C0E8CC7DD009D7055 /* ApplicationServices.framework in Frameworks */,
				E45BE97D0E8CC7DD009D7055 /* AudioToolbox.framework in Frameworks */,
				E45BE97E0E8CC7DD009D7055 /* Carbon.framework in Frameworks */,
				E45BE97F0E8CC7DD009D7055 /* CoreAudio.framework in Frameworks */,
				E45BE9800E8CC7DD009D7055 /* CoreFoundation.framework in Frameworks */,
				E45BE9810E8CC7DD009D7055 /* CoreServices.framework in Frameworks */,
				E45BE9830E8CC7DD009D7055 /* OpenGL.framework in Frameworks */,
				E45BE9840E8CC7DD009D7055 /* QuickTime.framework in Frameworks */,
				E4C2424710CC5A17004149E2 /* AppKit.framework in Frameworks */,
				E4C2424810CC5A17004149E2 /* Cocoa.framework in Frameworks */,
				E4C2424910CC5A17004149E2 /* IOKit.framework in Frameworks */,
				F5EF6BCA14C6D5AB00813136 /* freenect.lib in Frameworks */,
				F5EF6BCE14C6D5AB00813136 /* usb-1.0.a in Frameworks */,
				F5EF6C3E14C6D5B200813136 /* opencv.a in Frameworks */,
			);
			runOnlyForDeploymentPostprocessing = 0;
		};
/* End PBXFrameworksBuildPhase section */

/* Begin PBXGroup section */
		BB4B014C10F69532006C3DED /* addons */ = {
			isa = PBXGroup;
			children = (
				F5EF6D1014C6D7F500813136 /* msa */,
				F5EF6BD314C6D5B200813136 /* ofxOpenCv */,
				F5EF6B5114C6D5AB00813136 /* ofxKinect */,
				F5EF6DE114C6E18100813136 /* ofxXmlSettings */,
			);
			name = addons;
			sourceTree = "<group>";
		};
		BBAB23C913894ECA00AA2426 /* system frameworks */ = {
			isa = PBXGroup;
			children = (
				E4C2424410CC5A17004149E2 /* AppKit.framework */,
				E4C2424510CC5A17004149E2 /* Cocoa.framework */,
				E4C2424610CC5A17004149E2 /* IOKit.framework */,
				E45BE9710E8CC7DD009D7055 /* AGL.framework */,
				E45BE9720E8CC7DD009D7055 /* ApplicationServices.framework */,
				E45BE9730E8CC7DD009D7055 /* AudioToolbox.framework */,
				E45BE9740E8CC7DD009D7055 /* Carbon.framework */,
				E45BE9750E8CC7DD009D7055 /* CoreAudio.framework */,
				E45BE9760E8CC7DD009D7055 /* CoreFoundation.framework */,
				E45BE9770E8CC7DD009D7055 /* CoreServices.framework */,
				E45BE9790E8CC7DD009D7055 /* OpenGL.framework */,
				E45BE97A0E8CC7DD009D7055 /* QuickTime.framework */,
			);
			name = "system frameworks";
			sourceTree = "<group>";
		};
		BBAB23CA13894EDB00AA2426 /* 3rd party frameworks */ = {
			isa = PBXGroup;
			children = (
				BBAB23BE13894E4700AA2426 /* GLUT.framework */,
			);
			name = "3rd party frameworks";
			sourceTree = "<group>";
		};
		E4328144138ABC890047C5CB /* Products */ = {
			isa = PBXGroup;
			children = (
				E4328148138ABC890047C5CB /* openFrameworksDebug.a */,
			);
			name = Products;
			sourceTree = "<group>";
		};
		E45BE5980E8CC70C009D7055 /* frameworks */ = {
			isa = PBXGroup;
			children = (
				BBAB23CA13894EDB00AA2426 /* 3rd party frameworks */,
				BBAB23C913894ECA00AA2426 /* system frameworks */,
			);
			name = frameworks;
			sourceTree = "<group>";
		};
		E4B69B4A0A3A1720003C02F2 = {
			isa = PBXGroup;
			children = (
				E4B6FCAD0C3E899E008CF71C /* openFrameworks-Info.plist */,
				E4EB6923138AFD0F00A09F29 /* Project.xcconfig */,
				E4B69E1C0A3A1BDC003C02F2 /* src */,
				E4EEC9E9138DF44700A80321 /* openFrameworks */,
				BB4B014C10F69532006C3DED /* addons */,
				E45BE5980E8CC70C009D7055 /* frameworks */,
				E4B69B5B0A3A1756003C02F2 /* cinekinectDebug.app */,
			);
			sourceTree = "<group>";
		};
		E4B69E1C0A3A1BDC003C02F2 /* src */ = {
			isa = PBXGroup;
			children = (
				F57B304914F6B8B300132012 /* LightConfig.h */,
				F59FB0A414F2BB0500ABA712 /* PaperMesh.h */,
				F59FB0A514F2BB0500ABA712 /* PaperMesh.cpp */,
				E4B69E1D0A3A1BDC003C02F2 /* main.cpp */,
				E4B69E1E0A3A1BDC003C02F2 /* testApp.cpp */,
				E4B69E1F0A3A1BDC003C02F2 /* testApp.h */,
			);
			path = src;
			sourceTree = SOURCE_ROOT;
		};
		E4EEC9E9138DF44700A80321 /* openFrameworks */ = {
			isa = PBXGroup;
			children = (
				E4EB691F138AFCF100A09F29 /* CoreOF.xcconfig */,
				E4328143138ABC890047C5CB /* openFrameworksLib.xcodeproj */,
			);
			name = openFrameworks;
			sourceTree = "<group>";
		};
		F5EF6B5114C6D5AB00813136 /* ofxKinect */ = {
			isa = PBXGroup;
			children = (
				F5EF6B6C14C6D5AB00813136 /* libs */,
				F5EF6BBC14C6D5AB00813136 /* src */,
			);
			name = ofxKinect;
			path = ../../../addonsOther/ofxKinect;
			sourceTree = "<group>";
		};
		F5EF6B6C14C6D5AB00813136 /* libs */ = {
			isa = PBXGroup;
			children = (
				F5EF6B6D14C6D5AB00813136 /* libfreenect */,
				F5EF6B8114C6D5AB00813136 /* libusb */,
			);
			path = libs;
			sourceTree = "<group>";
		};
		F5EF6B6D14C6D5AB00813136 /* libfreenect */ = {
			isa = PBXGroup;
			children = (
				F5EF6B6E14C6D5AB00813136 /* APACHE20 */,
				F5EF6B6F14C6D5AB00813136 /* cameras.c */,
				F5EF6B7014C6D5AB00813136 /* cameras.h */,
				F5EF6B7114C6D5AB00813136 /* CONTRIB */,
				F5EF6B7214C6D5AB00813136 /* core.c */,
				F5EF6B7314C6D5AB00813136 /* freenect_internal.h */,
				F5EF6B7414C6D5AB00813136 /* GPL2 */,
				F5EF6B7514C6D5AB00813136 /* lib */,
				F5EF6B7914C6D5AB00813136 /* libfreenect-registration.h */,
				F5EF6B7A14C6D5AB00813136 /* libfreenect.h */,
				F5EF6B7B14C6D5AB00813136 /* libfreenect.pc.in */,
				F5EF6B7C14C6D5AB00813136 /* registration.c */,
				F5EF6B7D14C6D5AB00813136 /* registration.h */,
				F5EF6B7E14C6D5AB00813136 /* tilt.c */,
				F5EF6B7F14C6D5AB00813136 /* usb_libusb10.c */,
				F5EF6B8014C6D5AB00813136 /* usb_libusb10.h */,
			);
			path = libfreenect;
			sourceTree = "<group>";
		};
		F5EF6B7514C6D5AB00813136 /* lib */ = {
			isa = PBXGroup;
			children = (
				F5EF6B7614C6D5AB00813136 /* vs2010 */,
			);
			path = lib;
			sourceTree = "<group>";
		};
		F5EF6B7614C6D5AB00813136 /* vs2010 */ = {
			isa = PBXGroup;
			children = (
				F5EF6B7714C6D5AB00813136 /* freenect.dll */,
				F5EF6B7814C6D5AB00813136 /* freenect.lib */,
			);
			path = vs2010;
			sourceTree = "<group>";
		};
		F5EF6B8114C6D5AB00813136 /* libusb */ = {
			isa = PBXGroup;
			children = (
				F5EF6B8214C6D5AB00813136 /* osx */,
				F5EF6B8814C6D5AB00813136 /* win */,
			);
			path = libusb;
			sourceTree = "<group>";
		};
		F5EF6B8214C6D5AB00813136 /* osx */ = {
			isa = PBXGroup;
			children = (
				F5EF6B8314C6D5AB00813136 /* include */,
				F5EF6B8614C6D5AB00813136 /* libs */,
			);
			path = osx;
			sourceTree = "<group>";
		};
		F5EF6B8314C6D5AB00813136 /* include */ = {
			isa = PBXGroup;
			children = (
				F5EF6B8414C6D5AB00813136 /* libusb-1.0 */,
			);
			path = include;
			sourceTree = "<group>";
		};
		F5EF6B8414C6D5AB00813136 /* libusb-1.0 */ = {
			isa = PBXGroup;
			children = (
				F5EF6B8514C6D5AB00813136 /* libusb.h */,
			);
			path = "libusb-1.0";
			sourceTree = "<group>";
		};
		F5EF6B8614C6D5AB00813136 /* libs */ = {
			isa = PBXGroup;
			children = (
				F5EF6B8714C6D5AB00813136 /* usb-1.0.a */,
			);
			path = libs;
			sourceTree = "<group>";
		};
		F5EF6B8814C6D5AB00813136 /* win */ = {
			isa = PBXGroup;
			children = (
				F5EF6B8914C6D5AB00813136 /* inf */,
			);
			path = win;
			sourceTree = "<group>";
		};
		F5EF6B8914C6D5AB00813136 /* inf */ = {
			isa = PBXGroup;
			children = (
				F5EF6B8A14C6D5AB00813136 /* xbox nui audio */,
				F5EF6B9A14C6D5AB00813136 /* xbox nui camera */,
				F5EF6BAA14C6D5AB00813136 /* xbox nui motor */,
			);
			path = inf;
			sourceTree = "<group>";
		};
		F5EF6B8A14C6D5AB00813136 /* xbox nui audio */ = {
			isa = PBXGroup;
			children = (
				F5EF6B8B14C6D5AB00813136 /* amd64 */,
				F5EF6B8E14C6D5AB00813136 /* ia64 */,
				F5EF6B9114C6D5AB00813136 /* libusb-win32-bin-README.txt */,
				F5EF6B9214C6D5AB00813136 /* license */,
				F5EF6B9514C6D5AB00813136 /* x86 */,
				F5EF6B9814C6D5AB00813136 /* Xbox_NUI_Audio.cat */,
				F5EF6B9914C6D5AB00813136 /* Xbox_NUI_Audio.inf */,
			);
			path = "xbox nui audio";
			sourceTree = "<group>";
		};
		F5EF6B8B14C6D5AB00813136 /* amd64 */ = {
			isa = PBXGroup;
			children = (
				F5EF6B8C14C6D5AB00813136 /* libusb0.dll */,
				F5EF6B8D14C6D5AB00813136 /* libusb0.sys */,
			);
			path = amd64;
			sourceTree = "<group>";
		};
		F5EF6B8E14C6D5AB00813136 /* ia64 */ = {
			isa = PBXGroup;
			children = (
				F5EF6B8F14C6D5AB00813136 /* libusb0.dll */,
				F5EF6B9014C6D5AB00813136 /* libusb0.sys */,
			);
			path = ia64;
			sourceTree = "<group>";
		};
		F5EF6B9214C6D5AB00813136 /* license */ = {
			isa = PBXGroup;
			children = (
				F5EF6B9314C6D5AB00813136 /* libusb-win32 */,
			);
			path = license;
			sourceTree = "<group>";
		};
		F5EF6B9314C6D5AB00813136 /* libusb-win32 */ = {
			isa = PBXGroup;
			children = (
				F5EF6B9414C6D5AB00813136 /* installer_license.txt */,
			);
			path = "libusb-win32";
			sourceTree = "<group>";
		};
		F5EF6B9514C6D5AB00813136 /* x86 */ = {
			isa = PBXGroup;
			children = (
				F5EF6B9614C6D5AB00813136 /* libusb0.sys */,
				F5EF6B9714C6D5AB00813136 /* libusb0_x86.dll */,
			);
			path = x86;
			sourceTree = "<group>";
		};
		F5EF6B9A14C6D5AB00813136 /* xbox nui camera */ = {
			isa = PBXGroup;
			children = (
				F5EF6B9B14C6D5AB00813136 /* amd64 */,
				F5EF6B9E14C6D5AB00813136 /* ia64 */,
				F5EF6BA114C6D5AB00813136 /* libusb-win32-bin-README.txt */,
				F5EF6BA214C6D5AB00813136 /* license */,
				F5EF6BA514C6D5AB00813136 /* x86 */,
				F5EF6BA814C6D5AB00813136 /* Xbox_NUI_Camera.cat */,
				F5EF6BA914C6D5AB00813136 /* Xbox_NUI_Camera.inf */,
			);
			path = "xbox nui camera";
			sourceTree = "<group>";
		};
		F5EF6B9B14C6D5AB00813136 /* amd64 */ = {
			isa = PBXGroup;
			children = (
				F5EF6B9C14C6D5AB00813136 /* libusb0.dll */,
				F5EF6B9D14C6D5AB00813136 /* libusb0.sys */,
			);
			path = amd64;
			sourceTree = "<group>";
		};
		F5EF6B9E14C6D5AB00813136 /* ia64 */ = {
			isa = PBXGroup;
			children = (
				F5EF6B9F14C6D5AB00813136 /* libusb0.dll */,
				F5EF6BA014C6D5AB00813136 /* libusb0.sys */,
			);
			path = ia64;
			sourceTree = "<group>";
		};
		F5EF6BA214C6D5AB00813136 /* license */ = {
			isa = PBXGroup;
			children = (
				F5EF6BA314C6D5AB00813136 /* libusb-win32 */,
			);
			path = license;
			sourceTree = "<group>";
		};
		F5EF6BA314C6D5AB00813136 /* libusb-win32 */ = {
			isa = PBXGroup;
			children = (
				F5EF6BA414C6D5AB00813136 /* installer_license.txt */,
			);
			path = "libusb-win32";
			sourceTree = "<group>";
		};
		F5EF6BA514C6D5AB00813136 /* x86 */ = {
			isa = PBXGroup;
			children = (
				F5EF6BA614C6D5AB00813136 /* libusb0.sys */,
				F5EF6BA714C6D5AB00813136 /* libusb0_x86.dll */,
			);
			path = x86;
			sourceTree = "<group>";
		};
		F5EF6BAA14C6D5AB00813136 /* xbox nui motor */ = {
			isa = PBXGroup;
			children = (
				F5EF6BAB14C6D5AB00813136 /* amd64 */,
				F5EF6BAE14C6D5AB00813136 /* ia64 */,
				F5EF6BB114C6D5AB00813136 /* libusb-win32-bin-README.txt */,
				F5EF6BB214C6D5AB00813136 /* license */,
				F5EF6BB514C6D5AB00813136 /* x86 */,
				F5EF6BB814C6D5AB00813136 /* Xbox_NUI_Motor.cat */,
				F5EF6BB914C6D5AB00813136 /* Xbox_NUI_Motor.inf */,
			);
			path = "xbox nui motor";
			sourceTree = "<group>";
		};
		F5EF6BAB14C6D5AB00813136 /* amd64 */ = {
			isa = PBXGroup;
			children = (
				F5EF6BAC14C6D5AB00813136 /* libusb0.dll */,
				F5EF6BAD14C6D5AB00813136 /* libusb0.sys */,
			);
			path = amd64;
			sourceTree = "<group>";
		};
		F5EF6BAE14C6D5AB00813136 /* ia64 */ = {
			isa = PBXGroup;
			children = (
				F5EF6BAF14C6D5AB00813136 /* libusb0.dll */,
				F5EF6BB014C6D5AB00813136 /* libusb0.sys */,
			);
			path = ia64;
			sourceTree = "<group>";
		};
		F5EF6BB214C6D5AB00813136 /* license */ = {
			isa = PBXGroup;
			children = (
				F5EF6BB314C6D5AB00813136 /* libusb-win32 */,
			);
			path = license;
			sourceTree = "<group>";
		};
		F5EF6BB314C6D5AB00813136 /* libusb-win32 */ = {
			isa = PBXGroup;
			children = (
				F5EF6BB414C6D5AB00813136 /* installer_license.txt */,
			);
			path = "libusb-win32";
			sourceTree = "<group>";
		};
		F5EF6BB514C6D5AB00813136 /* x86 */ = {
			isa = PBXGroup;
			children = (
				F5EF6BB614C6D5AB00813136 /* libusb0.sys */,
				F5EF6BB714C6D5AB00813136 /* libusb0_x86.dll */,
			);
			path = x86;
			sourceTree = "<group>";
		};
		F5EF6BBC14C6D5AB00813136 /* src */ = {
			isa = PBXGroup;
			children = (
				F5EF6BBD14C6D5AB00813136 /* ofxBase3DVideo.h */,
				F5EF6BBE14C6D5AB00813136 /* ofxKinect.cpp */,
				F5EF6BBF14C6D5AB00813136 /* ofxKinect.h */,
			);
			path = src;
			sourceTree = "<group>";
		};
		F5EF6BD314C6D5B200813136 /* ofxOpenCv */ = {
			isa = PBXGroup;
			children = (
				F5EF6BD414C6D5B200813136 /* install.xml */,
				F5EF6BD514C6D5B200813136 /* libs */,
				F5EF6C2B14C6D5B200813136 /* src */,
			);
			name = ofxOpenCv;
			path = ../../../addons/ofxOpenCv;
			sourceTree = "<group>";
		};
		F5EF6BD514C6D5B200813136 /* libs */ = {
			isa = PBXGroup;
			children = (
				F5EF6BD614C6D5B200813136 /* opencv */,
			);
			path = libs;
			sourceTree = "<group>";
		};
		F5EF6BD614C6D5B200813136 /* opencv */ = {
			isa = PBXGroup;
			children = (
				F5EF6BD714C6D5B200813136 /* include */,
				F5EF6C2814C6D5B200813136 /* lib */,
			);
			path = opencv;
			sourceTree = "<group>";
		};
		F5EF6BD714C6D5B200813136 /* include */ = {
			isa = PBXGroup;
			children = (
				F5EF6BD814C6D5B200813136 /* opencv */,
				F5EF6BE414C6D5B200813136 /* opencv2 */,
			);
			path = include;
			sourceTree = "<group>";
		};
		F5EF6BD814C6D5B200813136 /* opencv */ = {
			isa = PBXGroup;
			children = (
				F5EF6BD914C6D5B200813136 /* cv.h */,
				F5EF6BDA14C6D5B200813136 /* cv.hpp */,
				F5EF6BDB14C6D5B200813136 /* cvaux.h */,
				F5EF6BDC14C6D5B200813136 /* cvaux.hpp */,
				F5EF6BDD14C6D5B200813136 /* cvwimage.h */,
				F5EF6BDE14C6D5B200813136 /* cxcore.h */,
				F5EF6BDF14C6D5B200813136 /* cxcore.hpp */,
				F5EF6BE014C6D5B200813136 /* cxeigen.hpp */,
				F5EF6BE114C6D5B200813136 /* cxmisc.h */,
				F5EF6BE214C6D5B200813136 /* highgui.h */,
				F5EF6BE314C6D5B200813136 /* ml.h */,
			);
			path = opencv;
			sourceTree = "<group>";
		};
		F5EF6BE414C6D5B200813136 /* opencv2 */ = {
			isa = PBXGroup;
			children = (
				F5EF6BE514C6D5B200813136 /* calib3d */,
				F5EF6BE714C6D5B200813136 /* contrib */,
				F5EF6BE914C6D5B200813136 /* core */,
				F5EF6BF314C6D5B200813136 /* features2d */,
				F5EF6BF514C6D5B200813136 /* flann */,
				F5EF6C0F14C6D5B200813136 /* gpu */,
				F5EF6C1414C6D5B200813136 /* highgui */,
				F5EF6C1714C6D5B200813136 /* imgproc */,
				F5EF6C1B14C6D5B200813136 /* legacy */,
				F5EF6C2014C6D5B200813136 /* ml */,
				F5EF6C2214C6D5B200813136 /* objdetect */,
				F5EF6C2414C6D5B200813136 /* opencv.hpp */,
				F5EF6C2514C6D5B200813136 /* video */,
			);
			path = opencv2;
			sourceTree = "<group>";
		};
		F5EF6BE514C6D5B200813136 /* calib3d */ = {
			isa = PBXGroup;
			children = (
				F5EF6BE614C6D5B200813136 /* calib3d.hpp */,
			);
			path = calib3d;
			sourceTree = "<group>";
		};
		F5EF6BE714C6D5B200813136 /* contrib */ = {
			isa = PBXGroup;
			children = (
				F5EF6BE814C6D5B200813136 /* contrib.hpp */,
			);
			path = contrib;
			sourceTree = "<group>";
		};
		F5EF6BE914C6D5B200813136 /* core */ = {
			isa = PBXGroup;
			children = (
				F5EF6BEA14C6D5B200813136 /* core.hpp */,
				F5EF6BEB14C6D5B200813136 /* core_c.h */,
				F5EF6BEC14C6D5B200813136 /* eigen.hpp */,
				F5EF6BED14C6D5B200813136 /* internal.hpp */,
				F5EF6BEE14C6D5B200813136 /* mat.hpp */,
				F5EF6BEF14C6D5B200813136 /* operations.hpp */,
				F5EF6BF014C6D5B200813136 /* types_c.h */,
				F5EF6BF114C6D5B200813136 /* version.hpp */,
				F5EF6BF214C6D5B200813136 /* wimage.hpp */,
			);
			path = core;
			sourceTree = "<group>";
		};
		F5EF6BF314C6D5B200813136 /* features2d */ = {
			isa = PBXGroup;
			children = (
				F5EF6BF414C6D5B200813136 /* features2d.hpp */,
			);
			path = features2d;
			sourceTree = "<group>";
		};
		F5EF6BF514C6D5B200813136 /* flann */ = {
			isa = PBXGroup;
			children = (
				F5EF6BF614C6D5B200813136 /* all_indices.h */,
				F5EF6BF714C6D5B200813136 /* allocator.h */,
				F5EF6BF814C6D5B200813136 /* autotuned_index.h */,
				F5EF6BF914C6D5B200813136 /* composite_index.h */,
				F5EF6BFA14C6D5B200813136 /* dist.h */,
				F5EF6BFB14C6D5B200813136 /* flann.hpp */,
				F5EF6BFC14C6D5B200813136 /* flann_base.hpp */,
				F5EF6BFD14C6D5B200813136 /* general.h */,
				F5EF6BFE14C6D5B200813136 /* ground_truth.h */,
				F5EF6BFF14C6D5B200813136 /* hdf5.h */,
				F5EF6C0014C6D5B200813136 /* heap.h */,
				F5EF6C0114C6D5B200813136 /* index_testing.h */,
				F5EF6C0214C6D5B200813136 /* kdtree_index.h */,
				F5EF6C0314C6D5B200813136 /* kmeans_index.h */,
				F5EF6C0414C6D5B200813136 /* linear_index.h */,
				F5EF6C0514C6D5B200813136 /* logger.h */,
				F5EF6C0614C6D5B200813136 /* matrix.h */,
				F5EF6C0714C6D5B200813136 /* nn_index.h */,
				F5EF6C0814C6D5B200813136 /* object_factory.h */,
				F5EF6C0914C6D5B200813136 /* random.h */,
				F5EF6C0A14C6D5B200813136 /* result_set.h */,
				F5EF6C0B14C6D5B200813136 /* sampling.h */,
				F5EF6C0C14C6D5B200813136 /* saving.h */,
				F5EF6C0D14C6D5B200813136 /* simplex_downhill.h */,
				F5EF6C0E14C6D5B200813136 /* timer.h */,
			);
			path = flann;
			sourceTree = "<group>";
		};
		F5EF6C0F14C6D5B200813136 /* gpu */ = {
			isa = PBXGroup;
			children = (
				F5EF6C1014C6D5B200813136 /* devmem2d.hpp */,
				F5EF6C1114C6D5B200813136 /* gpu.hpp */,
				F5EF6C1214C6D5B200813136 /* matrix_operations.hpp */,
				F5EF6C1314C6D5B200813136 /* stream_accessor.hpp */,
			);
			path = gpu;
			sourceTree = "<group>";
		};
		F5EF6C1414C6D5B200813136 /* highgui */ = {
			isa = PBXGroup;
			children = (
				F5EF6C1514C6D5B200813136 /* highgui.hpp */,
				F5EF6C1614C6D5B200813136 /* highgui_c.h */,
			);
			path = highgui;
			sourceTree = "<group>";
		};
		F5EF6C1714C6D5B200813136 /* imgproc */ = {
			isa = PBXGroup;
			children = (
				F5EF6C1814C6D5B200813136 /* imgproc.hpp */,
				F5EF6C1914C6D5B200813136 /* imgproc_c.h */,
				F5EF6C1A14C6D5B200813136 /* types_c.h */,
			);
			path = imgproc;
			sourceTree = "<group>";
		};
		F5EF6C1B14C6D5B200813136 /* legacy */ = {
			isa = PBXGroup;
			children = (
				F5EF6C1C14C6D5B200813136 /* blobtrack.hpp */,
				F5EF6C1D14C6D5B200813136 /* compat.hpp */,
				F5EF6C1E14C6D5B200813136 /* legacy.hpp */,
				F5EF6C1F14C6D5B200813136 /* streams.hpp */,
			);
			path = legacy;
			sourceTree = "<group>";
		};
		F5EF6C2014C6D5B200813136 /* ml */ = {
			isa = PBXGroup;
			children = (
				F5EF6C2114C6D5B200813136 /* ml.hpp */,
			);
			path = ml;
			sourceTree = "<group>";
		};
		F5EF6C2214C6D5B200813136 /* objdetect */ = {
			isa = PBXGroup;
			children = (
				F5EF6C2314C6D5B200813136 /* objdetect.hpp */,
			);
			path = objdetect;
			sourceTree = "<group>";
		};
		F5EF6C2514C6D5B200813136 /* video */ = {
			isa = PBXGroup;
			children = (
				F5EF6C2614C6D5B200813136 /* background_segm.hpp */,
				F5EF6C2714C6D5B200813136 /* tracking.hpp */,
			);
			path = video;
			sourceTree = "<group>";
		};
		F5EF6C2814C6D5B200813136 /* lib */ = {
			isa = PBXGroup;
			children = (
				F5EF6C2914C6D5B200813136 /* osx */,
			);
			path = lib;
			sourceTree = "<group>";
		};
		F5EF6C2914C6D5B200813136 /* osx */ = {
			isa = PBXGroup;
			children = (
				F5EF6C2A14C6D5B200813136 /* opencv.a */,
			);
			path = osx;
			sourceTree = "<group>";
		};
		F5EF6C2B14C6D5B200813136 /* src */ = {
			isa = PBXGroup;
			children = (
				F5EF6C2C14C6D5B200813136 /* ofxCvBlob.h */,
				F5EF6C2D14C6D5B200813136 /* ofxCvColorImage.cpp */,
				F5EF6C2E14C6D5B200813136 /* ofxCvColorImage.h */,
				F5EF6C2F14C6D5B200813136 /* ofxCvConstants.h */,
				F5EF6C3014C6D5B200813136 /* ofxCvContourFinder.cpp */,
				F5EF6C3114C6D5B200813136 /* ofxCvContourFinder.h */,
				F5EF6C3214C6D5B200813136 /* ofxCvFloatImage.cpp */,
				F5EF6C3314C6D5B200813136 /* ofxCvFloatImage.h */,
				F5EF6C3414C6D5B200813136 /* ofxCvGrayscaleImage.cpp */,
				F5EF6C3514C6D5B200813136 /* ofxCvGrayscaleImage.h */,
				F5EF6C3614C6D5B200813136 /* ofxCvHaarFinder.cpp */,
				F5EF6C3714C6D5B200813136 /* ofxCvHaarFinder.h */,
				F5EF6C3814C6D5B200813136 /* ofxCvImage.cpp */,
				F5EF6C3914C6D5B200813136 /* ofxCvImage.h */,
				F5EF6C3A14C6D5B200813136 /* ofxCvMain.h */,
				F5EF6C3B14C6D5B200813136 /* ofxCvShortImage.cpp */,
				F5EF6C3C14C6D5B200813136 /* ofxCvShortImage.h */,
				F5EF6C3D14C6D5B200813136 /* ofxOpenCv.h */,
			);
			path = src;
			sourceTree = "<group>";
		};
		F5EF6D1014C6D7F500813136 /* msa */ = {
			isa = PBXGroup;
			children = (
				F5EF6D1514C6D83F00813136 /* src */,
				F5EF6D1114C6D81A00813136 /* src */,
			);
			name = msa;
			sourceTree = "<group>";
		};
		F5EF6D1114C6D81A00813136 /* src */ = {
			isa = PBXGroup;
			children = (
				F5EF6D1214C6D81A00813136 /* ofxMSAInteractiveObject.cpp */,
				F5EF6D1314C6D81A00813136 /* ofxMSAInteractiveObject.h */,
			);
			name = src;
			path = ../../../addonsMSALibs/ofxMSAInteractiveObject/src;
			sourceTree = "<group>";
		};
		F5EF6D1514C6D83F00813136 /* src */ = {
			isa = PBXGroup;
			children = (
				F5EF6D1614C6D83F00813136 /* Controls */,
				F5EF6D2E14C6D83F00813136 /* ofxSimpleGuiConfig.cpp */,
				F5EF6D2F14C6D83F00813136 /* ofxSimpleGuiConfig.h */,
				F5EF6D3014C6D83F00813136 /* ofxSimpleGuiControl.cpp */,
				F5EF6D3114C6D83F00813136 /* ofxSimpleGuiControl.h */,
				F5EF6D3214C6D83F00813136 /* ofxSimpleGuiIncludes.h */,
				F5EF6D3314C6D83F00813136 /* ofxSimpleGuiPage.cpp */,
				F5EF6D3414C6D83F00813136 /* ofxSimpleGuiPage.h */,
				F5EF6D3514C6D83F00813136 /* ofxSimpleGuiToo.cpp */,
				F5EF6D3614C6D83F00813136 /* ofxSimpleGuiToo.h */,
				F5EF6D3714C6D83F00813136 /* ofxSimpleGuiValueControl.cpp */,
				F5EF6D3814C6D83F00813136 /* ofxSimpleGuiValueControl.h */,
			);
			name = src;
			path = ../../../addonsMSALibs/ofxSimpleGuiToo/src;
			sourceTree = "<group>";
		};
		F5EF6D1614C6D83F00813136 /* Controls */ = {
			isa = PBXGroup;
			children = (
				F5EF6D1714C6D83F00813136 /* ofxSimpleGuiButton.cpp */,
				F5EF6D1814C6D83F00813136 /* ofxSimpleGuiButton.h */,
				F5EF6D1914C6D83F00813136 /* ofxSimpleGuiColorPicker.cpp */,
				F5EF6D1A14C6D83F00813136 /* ofxSimpleGuiColorPicker.h */,
				F5EF6D1B14C6D83F00813136 /* ofxSimpleGuiComboBox.cpp */,
				F5EF6D1C14C6D83F00813136 /* ofxSimpleGuiComboBox.h */,
				F5EF6D1D14C6D83F00813136 /* ofxSimpleGuiContent.cpp */,
				F5EF6D1E14C6D83F00813136 /* ofxSimpleGuiContent.h */,
				F5EF6D1F14C6D83F00813136 /* ofxSimpleGuiFPSCounter.cpp */,
				F5EF6D2014C6D83F00813136 /* ofxSimpleGuiFPSCounter.h */,
				F5EF6D2114C6D83F00813136 /* ofxSimpleGuiMovieSlider.cpp */,
				F5EF6D2214C6D83F00813136 /* ofxSimpleGuiMovieSlider.h */,
				F5EF6D2314C6D83F00813136 /* ofxSimpleGuiQuadWarp.cpp */,
				F5EF6D2414C6D83F00813136 /* ofxSimpleGuiQuadWarp.h */,
				F5EF6D2514C6D83F00813136 /* ofxSimpleGuiSlider2d.cpp */,
				F5EF6D2614C6D83F00813136 /* ofxSimpleGuiSlider2d.h */,
				F5EF6D2714C6D83F00813136 /* ofxSimpleGuiSliderBase.h */,
				F5EF6D2814C6D83F00813136 /* ofxSimpleGuiSliderFloat.h */,
				F5EF6D2914C6D83F00813136 /* ofxSimpleGuiSliderInt.h */,
				F5EF6D2A14C6D83F00813136 /* ofxSimpleGuiTitle.cpp */,
				F5EF6D2B14C6D83F00813136 /* ofxSimpleGuiTitle.h */,
				F5EF6D2C14C6D83F00813136 /* ofxSimpleGuiToggle.cpp */,
				F5EF6D2D14C6D83F00813136 /* ofxSimpleGuiToggle.h */,
			);
			path = Controls;
			sourceTree = "<group>";
		};
		F5EF6DE114C6E18100813136 /* ofxXmlSettings */ = {
			isa = PBXGroup;
			children = (
				F5EF6DE214C6E18100813136 /* install.xml */,
				F5EF6DE314C6E18100813136 /* libs */,
				F5EF6DE814C6E18100813136 /* src */,
			);
			name = ofxXmlSettings;
			path = ../../../addons/ofxXmlSettings;
			sourceTree = "<group>";
		};
		F5EF6DE314C6E18100813136 /* libs */ = {
			isa = PBXGroup;
			children = (
				F5EF6DE414C6E18100813136 /* tinyxml.cpp */,
				F5EF6DE514C6E18100813136 /* tinyxml.h */,
				F5EF6DE614C6E18100813136 /* tinyxmlerror.cpp */,
				F5EF6DE714C6E18100813136 /* tinyxmlparser.cpp */,
			);
			path = libs;
			sourceTree = "<group>";
		};
		F5EF6DE814C6E18100813136 /* src */ = {
			isa = PBXGroup;
			children = (
				F5EF6DE914C6E18100813136 /* ofxXmlSettings.cpp */,
				F5EF6DEA14C6E18100813136 /* ofxXmlSettings.h */,
			);
			path = src;
			sourceTree = "<group>";
		};
/* End PBXGroup section */

/* Begin PBXNativeTarget section */
		E4B69B5A0A3A1756003C02F2 /* cinekinect */ = {
			isa = PBXNativeTarget;
			buildConfigurationList = E4B69B5F0A3A1757003C02F2 /* Build configuration list for PBXNativeTarget "cinekinect" */;
			buildPhases = (
				E4B69B580A3A1756003C02F2 /* Sources */,
				E4B69B590A3A1756003C02F2 /* Frameworks */,
				E4B6FFFD0C3F9AB9008CF71C /* ShellScript */,
				E4C2427710CC5ABF004149E2 /* CopyFiles */,
			);
			buildRules = (
			);
			dependencies = (
				E4EEB9AC138B136A00A80321 /* PBXTargetDependency */,
			);
			name = cinekinect;
			productName = myOFApp;
			productReference = E4B69B5B0A3A1756003C02F2 /* cinekinectDebug.app */;
			productType = "com.apple.product-type.application";
		};
/* End PBXNativeTarget section */

/* Begin PBXProject section */
		E4B69B4C0A3A1720003C02F2 /* Project object */ = {
			isa = PBXProject;
			attributes = {
				LastUpgradeCheck = 0420;
			};
			buildConfigurationList = E4B69B4D0A3A1720003C02F2 /* Build configuration list for PBXProject "cinekinect" */;
			compatibilityVersion = "Xcode 3.2";
			developmentRegion = English;
			hasScannedForEncodings = 0;
			knownRegions = (
				English,
				Japanese,
				French,
				German,
			);
			mainGroup = E4B69B4A0A3A1720003C02F2;
			productRefGroup = E4B69B4A0A3A1720003C02F2;
			projectDirPath = "";
			projectReferences = (
				{
					ProductGroup = E4328144138ABC890047C5CB /* Products */;
					ProjectRef = E4328143138ABC890047C5CB /* openFrameworksLib.xcodeproj */;
				},
			);
			projectRoot = "";
			targets = (
				E4B69B5A0A3A1756003C02F2 /* cinekinect */,
			);
		};
/* End PBXProject section */

/* Begin PBXReferenceProxy section */
		E4328148138ABC890047C5CB /* openFrameworksDebug.a */ = {
			isa = PBXReferenceProxy;
			fileType = archive.ar;
			path = openFrameworksDebug.a;
			remoteRef = E4328147138ABC890047C5CB /* PBXContainerItemProxy */;
			sourceTree = BUILT_PRODUCTS_DIR;
		};
/* End PBXReferenceProxy section */

/* Begin PBXShellScriptBuildPhase section */
		E4B6FFFD0C3F9AB9008CF71C /* ShellScript */ = {
			isa = PBXShellScriptBuildPhase;
			buildActionMask = 2147483647;
			files = (
			);
			inputPaths = (
			);
			outputPaths = (
			);
			runOnlyForDeploymentPostprocessing = 0;
			shellPath = /bin/sh;
			shellScript = "cp -f ../../../libs/fmodex/lib/osx/libfmodex.dylib \"$TARGET_BUILD_DIR/$PRODUCT_NAME.app/Contents/MacOS/libfmodex.dylib\"; install_name_tool -change ./libfmodex.dylib @executable_path/libfmodex.dylib \"$TARGET_BUILD_DIR/$PRODUCT_NAME.app/Contents/MacOS/$PRODUCT_NAME\";";
		};
/* End PBXShellScriptBuildPhase section */

/* Begin PBXSourcesBuildPhase section */
		E4B69B580A3A1756003C02F2 /* Sources */ = {
			isa = PBXSourcesBuildPhase;
			buildActionMask = 2147483647;
			files = (
				E4B69E200A3A1BDC003C02F2 /* main.cpp in Sources */,
				E4B69E210A3A1BDC003C02F2 /* testApp.cpp in Sources */,
				F5EF6BC814C6D5AB00813136 /* cameras.c in Sources */,
				F5EF6BC914C6D5AB00813136 /* core.c in Sources */,
				F5EF6BCB14C6D5AB00813136 /* registration.c in Sources */,
				F5EF6BCC14C6D5AB00813136 /* tilt.c in Sources */,
				F5EF6BCD14C6D5AB00813136 /* usb_libusb10.c in Sources */,
				F5EF6BCF14C6D5AB00813136 /* ofxKinect.cpp in Sources */,
				F5EF6C3F14C6D5B200813136 /* ofxCvColorImage.cpp in Sources */,
				F5EF6C4014C6D5B200813136 /* ofxCvContourFinder.cpp in Sources */,
				F5EF6C4114C6D5B200813136 /* ofxCvFloatImage.cpp in Sources */,
				F5EF6C4214C6D5B200813136 /* ofxCvGrayscaleImage.cpp in Sources */,
				F5EF6C4314C6D5B200813136 /* ofxCvHaarFinder.cpp in Sources */,
				F5EF6C4414C6D5B200813136 /* ofxCvImage.cpp in Sources */,
				F5EF6C4514C6D5B200813136 /* ofxCvShortImage.cpp in Sources */,
				F5EF6D1414C6D81A00813136 /* ofxMSAInteractiveObject.cpp in Sources */,
				F5EF6D3914C6D83F00813136 /* ofxSimpleGuiButton.cpp in Sources */,
				F5EF6D3A14C6D83F00813136 /* ofxSimpleGuiColorPicker.cpp in Sources */,
				F5EF6D3B14C6D83F00813136 /* ofxSimpleGuiComboBox.cpp in Sources */,
				F5EF6D3C14C6D83F00813136 /* ofxSimpleGuiContent.cpp in Sources */,
				F5EF6D3D14C6D83F00813136 /* ofxSimpleGuiFPSCounter.cpp in Sources */,
				F5EF6D3E14C6D83F00813136 /* ofxSimpleGuiMovieSlider.cpp in Sources */,
				F5EF6D3F14C6D83F00813136 /* ofxSimpleGuiQuadWarp.cpp in Sources */,
				F5EF6D4014C6D83F00813136 /* ofxSimpleGuiSlider2d.cpp in Sources */,
				F5EF6D4114C6D83F00813136 /* ofxSimpleGuiTitle.cpp in Sources */,
				F5EF6D4214C6D83F00813136 /* ofxSimpleGuiToggle.cpp in Sources */,
				F5EF6D4314C6D83F00813136 /* ofxSimpleGuiConfig.cpp in Sources */,
				F5EF6D4414C6D83F00813136 /* ofxSimpleGuiControl.cpp in Sources */,
				F5EF6D4514C6D83F00813136 /* ofxSimpleGuiPage.cpp in Sources */,
				F5EF6D4614C6D83F00813136 /* ofxSimpleGuiToo.cpp in Sources */,
				F5EF6D4714C6D83F00813136 /* ofxSimpleGuiValueControl.cpp in Sources */,
				F5EF6DEB14C6E18100813136 /* tinyxml.cpp in Sources */,
				F5EF6DEC14C6E18100813136 /* tinyxmlerror.cpp in Sources */,
				F5EF6DED14C6E18100813136 /* tinyxmlparser.cpp in Sources */,
				F5EF6DEE14C6E18100813136 /* ofxXmlSettings.cpp in Sources */,
				F59FB0A614F2BB0500ABA712 /* PaperMesh.cpp in Sources */,
			);
			runOnlyForDeploymentPostprocessing = 0;
		};
/* End PBXSourcesBuildPhase section */

/* Begin PBXTargetDependency section */
		E4EEB9AC138B136A00A80321 /* PBXTargetDependency */ = {
			isa = PBXTargetDependency;
			name = openFrameworks;
			targetProxy = E4EEB9AB138B136A00A80321 /* PBXContainerItemProxy */;
		};
/* End PBXTargetDependency section */

/* Begin XCBuildConfiguration section */
		E4B69B4E0A3A1720003C02F2 /* Debug */ = {
			isa = XCBuildConfiguration;
			baseConfigurationReference = E4EB6923138AFD0F00A09F29 /* Project.xcconfig */;
			buildSettings = {
				ARCHS = "$(NATIVE_ARCH)";
				CONFIGURATION_BUILD_DIR = "$(SRCROOT)/bin/";
				COPY_PHASE_STRIP = NO;
				DEAD_CODE_STRIPPING = YES;
				GCC_AUTO_VECTORIZATION = YES;
				GCC_ENABLE_SSE3_EXTENSIONS = YES;
				GCC_ENABLE_SUPPLEMENTAL_SSE3_INSTRUCTIONS = YES;
				GCC_INLINES_ARE_PRIVATE_EXTERN = NO;
				GCC_MODEL_TUNING = G5;
				GCC_SYMBOLS_PRIVATE_EXTERN = NO;
				GCC_WARN_ABOUT_DEPRECATED_FUNCTIONS = NO;
				GCC_WARN_ABOUT_INVALID_OFFSETOF_MACRO = NO;
				GCC_WARN_ALLOW_INCOMPLETE_PROTOCOL = NO;
				GCC_WARN_UNINITIALIZED_AUTOS = NO;
				GCC_WARN_UNUSED_VALUE = NO;
				GCC_WARN_UNUSED_VARIABLE = NO;
				OTHER_CPLUSPLUSFLAGS = (
					"-D__MACOSX_CORE__",
					"-lpthread",
				);
			};
			name = Debug;
		};
		E4B69B4F0A3A1720003C02F2 /* Release */ = {
			isa = XCBuildConfiguration;
			baseConfigurationReference = E4EB6923138AFD0F00A09F29 /* Project.xcconfig */;
			buildSettings = {
				ARCHS = "$(NATIVE_ARCH)";
				CONFIGURATION_BUILD_DIR = "$(SRCROOT)/bin/";
				COPY_PHASE_STRIP = YES;
				DEAD_CODE_STRIPPING = YES;
				GCC_AUTO_VECTORIZATION = YES;
				GCC_ENABLE_SSE3_EXTENSIONS = YES;
				GCC_ENABLE_SUPPLEMENTAL_SSE3_INSTRUCTIONS = YES;
				GCC_INLINES_ARE_PRIVATE_EXTERN = NO;
				GCC_MODEL_TUNING = G5;
				GCC_OPTIMIZATION_LEVEL = 3;
				GCC_SYMBOLS_PRIVATE_EXTERN = NO;
				GCC_UNROLL_LOOPS = YES;
				GCC_WARN_ABOUT_DEPRECATED_FUNCTIONS = NO;
				GCC_WARN_ABOUT_INVALID_OFFSETOF_MACRO = NO;
				GCC_WARN_ALLOW_INCOMPLETE_PROTOCOL = NO;
				GCC_WARN_UNINITIALIZED_AUTOS = NO;
				GCC_WARN_UNUSED_VALUE = NO;
				GCC_WARN_UNUSED_VARIABLE = NO;
				OTHER_CPLUSPLUSFLAGS = (
					"-D__MACOSX_CORE__",
					"-lpthread",
				);
			};
			name = Release;
		};
		E4B69B600A3A1757003C02F2 /* Debug */ = {
			isa = XCBuildConfiguration;
			buildSettings = {
				COPY_PHASE_STRIP = NO;
				FRAMEWORK_SEARCH_PATHS = (
					"$(inherited)",
					"$(FRAMEWORK_SEARCH_PATHS_QUOTED_FOR_TARGET_1)",
				);
				FRAMEWORK_SEARCH_PATHS_QUOTED_FOR_TARGET_1 = "\"$(SRCROOT)/../../../libs/glut/lib/osx\"";
				GCC_DYNAMIC_NO_PIC = NO;
				GCC_GENERATE_DEBUGGING_SYMBOLS = YES;
				GCC_MODEL_TUNING = G4;
				GCC_PRECOMPILE_PREFIX_HEADER = YES;
				GCC_PREFIX_HEADER = "$(SYSTEM_LIBRARY_DIR)/Frameworks/Carbon.framework/Headers/Carbon.h";
				INFOPLIST_FILE = "openFrameworks-Info.plist";
				INSTALL_PATH = "$(HOME)/Applications";
				LIBRARY_SEARCH_PATHS = (
					"$(inherited)",
					"$(LIBRARY_SEARCH_PATHS_QUOTED_FOR_TARGET_1)",
					"$(LIBRARY_SEARCH_PATHS_QUOTED_FOR_TARGET_2)",
					"$(LIBRARY_SEARCH_PATHS_QUOTED_FOR_TARGET_3)",
					"$(LIBRARY_SEARCH_PATHS_QUOTED_FOR_TARGET_4)",
					"$(LIBRARY_SEARCH_PATHS_QUOTED_FOR_TARGET_5)",
					"$(LIBRARY_SEARCH_PATHS_QUOTED_FOR_TARGET_6)",
					"$(LIBRARY_SEARCH_PATHS_QUOTED_FOR_TARGET_7)",
					"$(LIBRARY_SEARCH_PATHS_QUOTED_FOR_TARGET_8)",
					"$(LIBRARY_SEARCH_PATHS_QUOTED_FOR_TARGET_9)",
					"$(LIBRARY_SEARCH_PATHS_QUOTED_FOR_TARGET_10)",
					"$(LIBRARY_SEARCH_PATHS_QUOTED_FOR_TARGET_11)",
					"$(LIBRARY_SEARCH_PATHS_QUOTED_FOR_TARGET_12)",
					"$(LIBRARY_SEARCH_PATHS_QUOTED_FOR_TARGET_13)",
					"$(LIBRARY_SEARCH_PATHS_QUOTED_FOR_TARGET_14)",
					"$(LIBRARY_SEARCH_PATHS_QUOTED_FOR_TARGET_15)",
					"$(LIBRARY_SEARCH_PATHS_QUOTED_FOR_TARGET_2)",
					"$(LIBRARY_SEARCH_PATHS_QUOTED_FOR_TARGET_3)",
					"$(LIBRARY_SEARCH_PATHS_QUOTED_FOR_TARGET_7)",
					"$(LIBRARY_SEARCH_PATHS_QUOTED_FOR_TARGET_8)",
					"$(LIBRARY_SEARCH_PATHS_QUOTED_FOR_TARGET_9)",
					"$(LIBRARY_SEARCH_PATHS_QUOTED_FOR_TARGET_10)",
					"$(LIBRARY_SEARCH_PATHS_QUOTED_FOR_TARGET_11)",
					"$(LIBRARY_SEARCH_PATHS_QUOTED_FOR_TARGET_12)",
					"$(LIBRARY_SEARCH_PATHS_QUOTED_FOR_TARGET_13)",
					"$(LIBRARY_SEARCH_PATHS_QUOTED_FOR_TARGET_16)",
					"$(LIBRARY_SEARCH_PATHS_QUOTED_FOR_TARGET_17)",
					"$(LIBRARY_SEARCH_PATHS_QUOTED_FOR_TARGET_18)",
					"$(LIBRARY_SEARCH_PATHS_QUOTED_FOR_TARGET_19)",
					"$(LIBRARY_SEARCH_PATHS_QUOTED_FOR_TARGET_20)",
					"$(LIBRARY_SEARCH_PATHS_QUOTED_FOR_TARGET_21)",
					"$(LIBRARY_SEARCH_PATHS_QUOTED_FOR_TARGET_22)",
					"$(LIBRARY_SEARCH_PATHS_QUOTED_FOR_TARGET_23)",
					"$(LIBRARY_SEARCH_PATHS_QUOTED_FOR_TARGET_24)",
					"$(LIBRARY_SEARCH_PATHS_QUOTED_FOR_TARGET_25)",
					"$(LIBRARY_SEARCH_PATHS_QUOTED_FOR_TARGET_26)",
					"$(LIBRARY_SEARCH_PATHS_QUOTED_FOR_TARGET_27)",
					"$(LIBRARY_SEARCH_PATHS_QUOTED_FOR_TARGET_28)",
					"$(LIBRARY_SEARCH_PATHS_QUOTED_FOR_TARGET_29)",
					"$(LIBRARY_SEARCH_PATHS_QUOTED_FOR_TARGET_30)",
					"$(LIBRARY_SEARCH_PATHS_QUOTED_FOR_TARGET_31)",
					"$(LIBRARY_SEARCH_PATHS_QUOTED_FOR_TARGET_32)",
					"$(LIBRARY_SEARCH_PATHS_QUOTED_FOR_TARGET_33)",
					"$(LIBRARY_SEARCH_PATHS_QUOTED_FOR_TARGET_34)",
					"$(LIBRARY_SEARCH_PATHS_QUOTED_FOR_TARGET_35)",
					"$(LIBRARY_SEARCH_PATHS_QUOTED_FOR_TARGET_36)",
					"$(LIBRARY_SEARCH_PATHS_QUOTED_FOR_TARGET_37)",
					"$(LIBRARY_SEARCH_PATHS_QUOTED_FOR_TARGET_38)",
					"$(LIBRARY_SEARCH_PATHS_QUOTED_FOR_TARGET_39)",
					"$(LIBRARY_SEARCH_PATHS_QUOTED_FOR_TARGET_40)",
					"$(LIBRARY_SEARCH_PATHS_QUOTED_FOR_TARGET_41)",
					"$(LIBRARY_SEARCH_PATHS_QUOTED_FOR_TARGET_42)",
					"$(LIBRARY_SEARCH_PATHS_QUOTED_FOR_TARGET_43)",
					"$(LIBRARY_SEARCH_PATHS_QUOTED_FOR_TARGET_44)",
					"$(LIBRARY_SEARCH_PATHS_QUOTED_FOR_TARGET_45)",
					"$(LIBRARY_SEARCH_PATHS_QUOTED_FOR_TARGET_46)",
					"$(LIBRARY_SEARCH_PATHS_QUOTED_FOR_TARGET_47)",
					"$(LIBRARY_SEARCH_PATHS_QUOTED_FOR_TARGET_48)",
					"$(LIBRARY_SEARCH_PATHS_QUOTED_FOR_TARGET_49)",
					"$(LIBRARY_SEARCH_PATHS_QUOTED_FOR_TARGET_50)",
					"$(LIBRARY_SEARCH_PATHS_QUOTED_FOR_TARGET_51)",
					"$(LIBRARY_SEARCH_PATHS_QUOTED_FOR_TARGET_52)",
					"$(LIBRARY_SEARCH_PATHS_QUOTED_FOR_TARGET_1)",
					"$(LIBRARY_SEARCH_PATHS_QUOTED_FOR_TARGET_2)",
					"$(LIBRARY_SEARCH_PATHS_QUOTED_FOR_TARGET_3)",
					"$(LIBRARY_SEARCH_PATHS_QUOTED_FOR_TARGET_4)",
					"$(LIBRARY_SEARCH_PATHS_QUOTED_FOR_TARGET_5)",
					"$(LIBRARY_SEARCH_PATHS_QUOTED_FOR_TARGET_6)",
					"$(LIBRARY_SEARCH_PATHS_QUOTED_FOR_TARGET_7)",
					"$(LIBRARY_SEARCH_PATHS_QUOTED_FOR_TARGET_8)",
					"$(LIBRARY_SEARCH_PATHS_QUOTED_FOR_TARGET_9)",
					"$(LIBRARY_SEARCH_PATHS_QUOTED_FOR_TARGET_10)",
					"\"$(SRCROOT)/../../addonsOther/ofxKinect/libs/libfreenect/lib/vs2010\"",
					"\"$(SRCROOT)/../../addonsOther/ofxKinect/libs/libusb/osx/libs\"",
					"\"$(SRCROOT)/../../../addonsOther/ofxKinect/libs/libfreenect/lib/vs2010\"",
					"\"$(SRCROOT)/../../../addonsOther/ofxKinect/libs/libusb/osx/libs\"",
					"\"$(SRCROOT)/../../../addons/ofxOpenCv/libs/opencv/lib/osx\"",
				);
				LIBRARY_SEARCH_PATHS_QUOTED_FOR_TARGET_1 = "\"$(SRCROOT)/../../../addons/ofxKinect/libs/libfreenect/lib/vs2010\"";
				LIBRARY_SEARCH_PATHS_QUOTED_FOR_TARGET_10 = "\"$(SRCROOT)/../../../addons/ofxOpenCv/libs/opencv/lib/win_cb\"";
				LIBRARY_SEARCH_PATHS_QUOTED_FOR_TARGET_2 = "\"$(SRCROOT)/../../../addons/ofxKinect/libs/libusb/osx/libs\"";
				LIBRARY_SEARCH_PATHS_QUOTED_FOR_TARGET_3 = "\"$(SRCROOT)/../../../addons/ofxOpenCv/libs/opencv/lib/android/armeabi\"";
				LIBRARY_SEARCH_PATHS_QUOTED_FOR_TARGET_4 = "\"$(SRCROOT)/../../../addons/ofxOpenCv/libs/opencv/lib/android/armeabi-v7a\"";
				LIBRARY_SEARCH_PATHS_QUOTED_FOR_TARGET_5 = "\"$(SRCROOT)/../../../addons/ofxOpenCv/libs/opencv/lib/iphone\"";
				LIBRARY_SEARCH_PATHS_QUOTED_FOR_TARGET_6 = "\"$(SRCROOT)/../../../addons/ofxOpenCv/libs/opencv/lib/linux\"";
				LIBRARY_SEARCH_PATHS_QUOTED_FOR_TARGET_7 = "\"$(SRCROOT)/../../../addons/ofxOpenCv/libs/opencv/lib/linux64\"";
				LIBRARY_SEARCH_PATHS_QUOTED_FOR_TARGET_8 = "\"$(SRCROOT)/../../../addons/ofxOpenCv/libs/opencv/lib/osx\"";
				LIBRARY_SEARCH_PATHS_QUOTED_FOR_TARGET_9 = "\"$(SRCROOT)/../../../addons/ofxOpenCv/libs/opencv/lib/vs2010\"";
				PRODUCT_NAME = cinekinectDebug;
				WRAPPER_EXTENSION = app;
			};
			name = Debug;
		};
		E4B69B610A3A1757003C02F2 /* Release */ = {
			isa = XCBuildConfiguration;
			buildSettings = {
				COPY_PHASE_STRIP = YES;
				FRAMEWORK_SEARCH_PATHS = (
					"$(inherited)",
					"$(FRAMEWORK_SEARCH_PATHS_QUOTED_FOR_TARGET_1)",
				);
				FRAMEWORK_SEARCH_PATHS_QUOTED_FOR_TARGET_1 = "\"$(SRCROOT)/../../../libs/glut/lib/osx\"";
				GCC_GENERATE_DEBUGGING_SYMBOLS = NO;
				GCC_MODEL_TUNING = G4;
				GCC_PRECOMPILE_PREFIX_HEADER = YES;
				GCC_PREFIX_HEADER = "$(SYSTEM_LIBRARY_DIR)/Frameworks/Carbon.framework/Headers/Carbon.h";
				INFOPLIST_FILE = "openFrameworks-Info.plist";
				INSTALL_PATH = "$(HOME)/Applications";
				LIBRARY_SEARCH_PATHS = (
					"$(inherited)",
					"$(LIBRARY_SEARCH_PATHS_QUOTED_FOR_TARGET_1)",
					"$(LIBRARY_SEARCH_PATHS_QUOTED_FOR_TARGET_2)",
					"$(LIBRARY_SEARCH_PATHS_QUOTED_FOR_TARGET_3)",
					"$(LIBRARY_SEARCH_PATHS_QUOTED_FOR_TARGET_4)",
					"$(LIBRARY_SEARCH_PATHS_QUOTED_FOR_TARGET_5)",
					"$(LIBRARY_SEARCH_PATHS_QUOTED_FOR_TARGET_6)",
					"$(LIBRARY_SEARCH_PATHS_QUOTED_FOR_TARGET_7)",
					"$(LIBRARY_SEARCH_PATHS_QUOTED_FOR_TARGET_8)",
					"$(LIBRARY_SEARCH_PATHS_QUOTED_FOR_TARGET_9)",
					"$(LIBRARY_SEARCH_PATHS_QUOTED_FOR_TARGET_10)",
					"$(LIBRARY_SEARCH_PATHS_QUOTED_FOR_TARGET_11)",
					"$(LIBRARY_SEARCH_PATHS_QUOTED_FOR_TARGET_12)",
					"$(LIBRARY_SEARCH_PATHS_QUOTED_FOR_TARGET_13)",
					"$(LIBRARY_SEARCH_PATHS_QUOTED_FOR_TARGET_14)",
					"$(LIBRARY_SEARCH_PATHS_QUOTED_FOR_TARGET_15)",
					"$(LIBRARY_SEARCH_PATHS_QUOTED_FOR_TARGET_2)",
					"$(LIBRARY_SEARCH_PATHS_QUOTED_1)",
					"$(LIBRARY_SEARCH_PATHS_QUOTED_FOR_TARGET_3)",
					"$(LIBRARY_SEARCH_PATHS_QUOTED_FOR_TARGET_7)",
					"$(LIBRARY_SEARCH_PATHS_QUOTED_FOR_TARGET_8)",
					"$(LIBRARY_SEARCH_PATHS_QUOTED_FOR_TARGET_9)",
					"$(LIBRARY_SEARCH_PATHS_QUOTED_FOR_TARGET_10)",
					"$(LIBRARY_SEARCH_PATHS_QUOTED_FOR_TARGET_11)",
					"$(LIBRARY_SEARCH_PATHS_QUOTED_FOR_TARGET_12)",
					"$(LIBRARY_SEARCH_PATHS_QUOTED_FOR_TARGET_13)",
					"$(LIBRARY_SEARCH_PATHS_QUOTED_FOR_TARGET_16)",
					"$(LIBRARY_SEARCH_PATHS_QUOTED_FOR_TARGET_17)",
					"$(LIBRARY_SEARCH_PATHS_QUOTED_FOR_TARGET_18)",
					"$(LIBRARY_SEARCH_PATHS_QUOTED_FOR_TARGET_19)",
					"$(LIBRARY_SEARCH_PATHS_QUOTED_FOR_TARGET_20)",
					"$(LIBRARY_SEARCH_PATHS_QUOTED_FOR_TARGET_21)",
					"$(LIBRARY_SEARCH_PATHS_QUOTED_FOR_TARGET_22)",
					"$(LIBRARY_SEARCH_PATHS_QUOTED_FOR_TARGET_23)",
					"$(LIBRARY_SEARCH_PATHS_QUOTED_FOR_TARGET_24)",
					"$(LIBRARY_SEARCH_PATHS_QUOTED_FOR_TARGET_25)",
					"$(LIBRARY_SEARCH_PATHS_QUOTED_FOR_TARGET_26)",
					"$(LIBRARY_SEARCH_PATHS_QUOTED_FOR_TARGET_27)",
					"$(LIBRARY_SEARCH_PATHS_QUOTED_FOR_TARGET_28)",
					"$(LIBRARY_SEARCH_PATHS_QUOTED_FOR_TARGET_29)",
					"$(LIBRARY_SEARCH_PATHS_QUOTED_FOR_TARGET_30)",
					"$(LIBRARY_SEARCH_PATHS_QUOTED_FOR_TARGET_31)",
					"$(LIBRARY_SEARCH_PATHS_QUOTED_FOR_TARGET_32)",
					"$(LIBRARY_SEARCH_PATHS_QUOTED_FOR_TARGET_33)",
					"$(LIBRARY_SEARCH_PATHS_QUOTED_FOR_TARGET_34)",
					"$(LIBRARY_SEARCH_PATHS_QUOTED_FOR_TARGET_35)",
					"$(LIBRARY_SEARCH_PATHS_QUOTED_FOR_TARGET_36)",
					"$(LIBRARY_SEARCH_PATHS_QUOTED_FOR_TARGET_37)",
					"$(LIBRARY_SEARCH_PATHS_QUOTED_FOR_TARGET_38)",
					"$(LIBRARY_SEARCH_PATHS_QUOTED_FOR_TARGET_39)",
					"$(LIBRARY_SEARCH_PATHS_QUOTED_FOR_TARGET_40)",
					"$(LIBRARY_SEARCH_PATHS_QUOTED_FOR_TARGET_41)",
					"$(LIBRARY_SEARCH_PATHS_QUOTED_FOR_TARGET_42)",
					"$(LIBRARY_SEARCH_PATHS_QUOTED_FOR_TARGET_43)",
					"$(LIBRARY_SEARCH_PATHS_QUOTED_FOR_TARGET_44)",
					"$(LIBRARY_SEARCH_PATHS_QUOTED_FOR_TARGET_45)",
					"$(LIBRARY_SEARCH_PATHS_QUOTED_FOR_TARGET_46)",
					"$(LIBRARY_SEARCH_PATHS_QUOTED_FOR_TARGET_47)",
					"$(LIBRARY_SEARCH_PATHS_QUOTED_FOR_TARGET_48)",
					"$(LIBRARY_SEARCH_PATHS_QUOTED_FOR_TARGET_49)",
					"$(LIBRARY_SEARCH_PATHS_QUOTED_FOR_TARGET_50)",
					"$(LIBRARY_SEARCH_PATHS_QUOTED_FOR_TARGET_51)",
					"$(LIBRARY_SEARCH_PATHS_QUOTED_FOR_TARGET_1)",
					"$(LIBRARY_SEARCH_PATHS_QUOTED_FOR_TARGET_2)",
					"$(LIBRARY_SEARCH_PATHS_QUOTED_FOR_TARGET_3)",
					"$(LIBRARY_SEARCH_PATHS_QUOTED_FOR_TARGET_4)",
					"$(LIBRARY_SEARCH_PATHS_QUOTED_FOR_TARGET_5)",
					"$(LIBRARY_SEARCH_PATHS_QUOTED_FOR_TARGET_6)",
					"$(LIBRARY_SEARCH_PATHS_QUOTED_FOR_TARGET_7)",
					"$(LIBRARY_SEARCH_PATHS_QUOTED_FOR_TARGET_8)",
					"$(LIBRARY_SEARCH_PATHS_QUOTED_FOR_TARGET_9)",
					"$(LIBRARY_SEARCH_PATHS_QUOTED_FOR_TARGET_10)",
					"\"$(SRCROOT)/../../addonsOther/ofxKinect/libs/libfreenect/lib/vs2010\"",
					"\"$(SRCROOT)/../../addonsOther/ofxKinect/libs/libusb/osx/libs\"",
					"\"$(SRCROOT)/../../../addonsOther/ofxKinect/libs/libfreenect/lib/vs2010\"",
					"\"$(SRCROOT)/../../../addonsOther/ofxKinect/libs/libusb/osx/libs\"",
					"\"$(SRCROOT)/../../../addons/ofxOpenCv/libs/opencv/lib/osx\"",
				);
				LIBRARY_SEARCH_PATHS_QUOTED_FOR_TARGET_1 = "\"$(SRCROOT)/../../../addons/ofxKinect/libs/libfreenect/lib/vs2010\"";
				LIBRARY_SEARCH_PATHS_QUOTED_FOR_TARGET_10 = "\"$(SRCROOT)/../../../addons/ofxOpenCv/libs/opencv/lib/win_cb\"";
				LIBRARY_SEARCH_PATHS_QUOTED_FOR_TARGET_2 = "\"$(SRCROOT)/../../../addons/ofxKinect/libs/libusb/osx/libs\"";
				LIBRARY_SEARCH_PATHS_QUOTED_FOR_TARGET_3 = "\"$(SRCROOT)/../../../addons/ofxOpenCv/libs/opencv/lib/android/armeabi\"";
				LIBRARY_SEARCH_PATHS_QUOTED_FOR_TARGET_4 = "\"$(SRCROOT)/../../../addons/ofxOpenCv/libs/opencv/lib/android/armeabi-v7a\"";
				LIBRARY_SEARCH_PATHS_QUOTED_FOR_TARGET_5 = "\"$(SRCROOT)/../../../addons/ofxOpenCv/libs/opencv/lib/iphone\"";
				LIBRARY_SEARCH_PATHS_QUOTED_FOR_TARGET_6 = "\"$(SRCROOT)/../../../addons/ofxOpenCv/libs/opencv/lib/linux\"";
				LIBRARY_SEARCH_PATHS_QUOTED_FOR_TARGET_7 = "\"$(SRCROOT)/../../../addons/ofxOpenCv/libs/opencv/lib/linux64\"";
				LIBRARY_SEARCH_PATHS_QUOTED_FOR_TARGET_8 = "\"$(SRCROOT)/../../../addons/ofxOpenCv/libs/opencv/lib/osx\"";
				LIBRARY_SEARCH_PATHS_QUOTED_FOR_TARGET_9 = "\"$(SRCROOT)/../../../addons/ofxOpenCv/libs/opencv/lib/vs2010\"";
				PRODUCT_NAME = cinekinect;
				WRAPPER_EXTENSION = app;
			};
			name = Release;
		};
/* End XCBuildConfiguration section */

/* Begin XCConfigurationList section */
		E4B69B4D0A3A1720003C02F2 /* Build configuration list for PBXProject "cinekinect" */ = {
			isa = XCConfigurationList;
			buildConfigurations = (
				E4B69B4E0A3A1720003C02F2 /* Debug */,
				E4B69B4F0A3A1720003C02F2 /* Release */,
			);
			defaultConfigurationIsVisible = 0;
			defaultConfigurationName = Release;
		};
		E4B69B5F0A3A1757003C02F2 /* Build configuration list for PBXNativeTarget "cinekinect" */ = {
			isa = XCConfigurationList;
			buildConfigurations = (
				E4B69B600A3A1757003C02F2 /* Debug */,
				E4B69B610A3A1757003C02F2 /* Release */,
			);
			defaultConfigurationIsVisible = 0;
			defaultConfigurationName = Release;
		};
/* End XCConfigurationList section */
	};
	rootObject = E4B69B4C0A3A1720003C02F2 /* Project object */;
}
